// !$*UTF8*$!
{
	archiveVersion = 1;
	classes = {
	};
	objectVersion = 46;
	objects = {

/* Begin PBXBuildFile section */
		B71702D7158E48A4006DEEC4 /* QuartzCore.framework in Frameworks */ = {isa = PBXBuildFile; fileRef = B71702D6158E48A4006DEEC4 /* QuartzCore.framework */; };
		B71702D9158E48A4006DEEC4 /* OpenGLES.framework in Frameworks */ = {isa = PBXBuildFile; fileRef = B71702D8158E48A4006DEEC4 /* OpenGLES.framework */; };
		B71702DB158E48A4006DEEC4 /* OpenAL.framework in Frameworks */ = {isa = PBXBuildFile; fileRef = B71702DA158E48A4006DEEC4 /* OpenAL.framework */; };
		B71702DD158E48A4006DEEC4 /* AudioToolbox.framework in Frameworks */ = {isa = PBXBuildFile; fileRef = B71702DC158E48A4006DEEC4 /* AudioToolbox.framework */; };
		B71702DF158E48A4006DEEC4 /* AVFoundation.framework in Frameworks */ = {isa = PBXBuildFile; fileRef = B71702DE158E48A4006DEEC4 /* AVFoundation.framework */; };
		B71702E1158E48A4006DEEC4 /* UIKit.framework in Frameworks */ = {isa = PBXBuildFile; fileRef = B71702E0158E48A4006DEEC4 /* UIKit.framework */; };
		B71702E3158E48A4006DEEC4 /* Foundation.framework in Frameworks */ = {isa = PBXBuildFile; fileRef = B71702E2158E48A4006DEEC4 /* Foundation.framework */; };
		B71702E5158E48A4006DEEC4 /* CoreGraphics.framework in Frameworks */ = {isa = PBXBuildFile; fileRef = B71702E4158E48A4006DEEC4 /* CoreGraphics.framework */; };
		B71702E9158E48A4006DEEC4 /* Default.png in Resources */ = {isa = PBXBuildFile; fileRef = B71702E8158E48A4006DEEC4 /* Default.png */; };
		B71702EB158E48A4006DEEC4 /* fps_images.png in Resources */ = {isa = PBXBuildFile; fileRef = B71702EA158E48A4006DEEC4 /* fps_images.png */; };
		B71702ED158E48A4006DEEC4 /* Icon-72.png in Resources */ = {isa = PBXBuildFile; fileRef = B71702EC158E48A4006DEEC4 /* Icon-72.png */; };
		B71702EF158E48A4006DEEC4 /* Icon-Small-50.png in Resources */ = {isa = PBXBuildFile; fileRef = B71702EE158E48A4006DEEC4 /* Icon-Small-50.png */; };
		B71702F1158E48A4006DEEC4 /* Icon-Small.png in Resources */ = {isa = PBXBuildFile; fileRef = B71702F0158E48A4006DEEC4 /* Icon-Small.png */; };
		B71702F3158E48A4006DEEC4 /* Icon-Small@2x.png in Resources */ = {isa = PBXBuildFile; fileRef = B71702F2158E48A4006DEEC4 /* Icon-Small@2x.png */; };
		B71702F5158E48A4006DEEC4 /* Icon.png in Resources */ = {isa = PBXBuildFile; fileRef = B71702F4158E48A4006DEEC4 /* Icon.png */; };
		B71702F7158E48A4006DEEC4 /* Icon@2x.png in Resources */ = {isa = PBXBuildFile; fileRef = B71702F6158E48A4006DEEC4 /* Icon@2x.png */; };
		B71702FA158E48A4006DEEC4 /* iTunesArtwork in Resources */ = {isa = PBXBuildFile; fileRef = B71702F9158E48A4006DEEC4 /* iTunesArtwork */; };
		B71702FF158E48A4006DEEC4 /* CCAction.m in Sources */ = {isa = PBXBuildFile; fileRef = B71702FE158E48A4006DEEC4 /* CCAction.m */; };
		B7170302158E48A4006DEEC4 /* CCActionCamera.m in Sources */ = {isa = PBXBuildFile; fileRef = B7170301158E48A4006DEEC4 /* CCActionCamera.m */; };
		B7170305158E48A4006DEEC4 /* CCActionEase.m in Sources */ = {isa = PBXBuildFile; fileRef = B7170304158E48A4006DEEC4 /* CCActionEase.m */; };
		B7170308158E48A4006DEEC4 /* CCActionGrid.m in Sources */ = {isa = PBXBuildFile; fileRef = B7170307158E48A4006DEEC4 /* CCActionGrid.m */; };
		B717030B158E48A4006DEEC4 /* CCActionGrid3D.m in Sources */ = {isa = PBXBuildFile; fileRef = B717030A158E48A4006DEEC4 /* CCActionGrid3D.m */; };
		B717030E158E48A4006DEEC4 /* CCActionInstant.m in Sources */ = {isa = PBXBuildFile; fileRef = B717030D158E48A4006DEEC4 /* CCActionInstant.m */; };
		B7170311158E48A4006DEEC4 /* CCActionInterval.m in Sources */ = {isa = PBXBuildFile; fileRef = B7170310158E48A4006DEEC4 /* CCActionInterval.m */; };
		B7170314158E48A4006DEEC4 /* CCActionManager.m in Sources */ = {isa = PBXBuildFile; fileRef = B7170313158E48A4006DEEC4 /* CCActionManager.m */; };
		B7170317158E48A4006DEEC4 /* CCActionPageTurn3D.m in Sources */ = {isa = PBXBuildFile; fileRef = B7170316158E48A4006DEEC4 /* CCActionPageTurn3D.m */; };
		B717031A158E48A4006DEEC4 /* CCActionProgressTimer.m in Sources */ = {isa = PBXBuildFile; fileRef = B7170319158E48A4006DEEC4 /* CCActionProgressTimer.m */; };
		B717031D158E48A4006DEEC4 /* CCActionTiledGrid.m in Sources */ = {isa = PBXBuildFile; fileRef = B717031C158E48A4006DEEC4 /* CCActionTiledGrid.m */; };
		B7170320158E48A4006DEEC4 /* CCActionTween.m in Sources */ = {isa = PBXBuildFile; fileRef = B717031F158E48A4006DEEC4 /* CCActionTween.m */; };
		B7170323158E48A4006DEEC4 /* CCAnimation.m in Sources */ = {isa = PBXBuildFile; fileRef = B7170322158E48A4006DEEC4 /* CCAnimation.m */; };
		B7170326158E48A4006DEEC4 /* CCAnimationCache.m in Sources */ = {isa = PBXBuildFile; fileRef = B7170325158E48A4006DEEC4 /* CCAnimationCache.m */; };
		B7170329158E48A4006DEEC4 /* CCAtlasNode.m in Sources */ = {isa = PBXBuildFile; fileRef = B7170328158E48A4006DEEC4 /* CCAtlasNode.m */; };
		B717032C158E48A4006DEEC4 /* CCBlockSupport.m in Sources */ = {isa = PBXBuildFile; fileRef = B717032B158E48A4006DEEC4 /* CCBlockSupport.m */; };
		B717032F158E48A4006DEEC4 /* CCCamera.m in Sources */ = {isa = PBXBuildFile; fileRef = B717032E158E48A4006DEEC4 /* CCCamera.m */; };
		B7170333158E48A4006DEEC4 /* CCConfiguration.m in Sources */ = {isa = PBXBuildFile; fileRef = B7170332158E48A4006DEEC4 /* CCConfiguration.m */; };
		B7170336158E48A5006DEEC4 /* CCDirector.m in Sources */ = {isa = PBXBuildFile; fileRef = B7170335158E48A5006DEEC4 /* CCDirector.m */; };
		B7170339158E48A5006DEEC4 /* CCDrawingPrimitives.m in Sources */ = {isa = PBXBuildFile; fileRef = B7170338158E48A5006DEEC4 /* CCDrawingPrimitives.m */; };
		B717033C158E48A5006DEEC4 /* CCGrabber.m in Sources */ = {isa = PBXBuildFile; fileRef = B717033B158E48A5006DEEC4 /* CCGrabber.m */; };
		B717033F158E48A5006DEEC4 /* CCGrid.m in Sources */ = {isa = PBXBuildFile; fileRef = B717033E158E48A5006DEEC4 /* CCGrid.m */; };
		B7170342158E48A5006DEEC4 /* CCLabelAtlas.m in Sources */ = {isa = PBXBuildFile; fileRef = B7170341158E48A5006DEEC4 /* CCLabelAtlas.m */; };
		B7170345158E48A5006DEEC4 /* CCLabelBMFont.m in Sources */ = {isa = PBXBuildFile; fileRef = B7170344158E48A5006DEEC4 /* CCLabelBMFont.m */; };
		B7170348158E48A5006DEEC4 /* CCLabelTTF.m in Sources */ = {isa = PBXBuildFile; fileRef = B7170347158E48A5006DEEC4 /* CCLabelTTF.m */; };
		B717034B158E48A5006DEEC4 /* CCLayer.m in Sources */ = {isa = PBXBuildFile; fileRef = B717034A158E48A5006DEEC4 /* CCLayer.m */; };
		B717034F158E48A5006DEEC4 /* CCMenu.m in Sources */ = {isa = PBXBuildFile; fileRef = B717034E158E48A5006DEEC4 /* CCMenu.m */; };
		B7170352158E48A5006DEEC4 /* CCMenuItem.m in Sources */ = {isa = PBXBuildFile; fileRef = B7170351158E48A5006DEEC4 /* CCMenuItem.m */; };
		B7170355158E48A5006DEEC4 /* CCMotionStreak.m in Sources */ = {isa = PBXBuildFile; fileRef = B7170354158E48A5006DEEC4 /* CCMotionStreak.m */; };
		B7170358158E48A5006DEEC4 /* CCNode.m in Sources */ = {isa = PBXBuildFile; fileRef = B7170357158E48A5006DEEC4 /* CCNode.m */; };
		B717035B158E48A5006DEEC4 /* CCParallaxNode.m in Sources */ = {isa = PBXBuildFile; fileRef = B717035A158E48A5006DEEC4 /* CCParallaxNode.m */; };
		B717035E158E48A5006DEEC4 /* CCParticleExamples.m in Sources */ = {isa = PBXBuildFile; fileRef = B717035D158E48A5006DEEC4 /* CCParticleExamples.m */; };
		B7170361158E48A5006DEEC4 /* CCParticleSystem.m in Sources */ = {isa = PBXBuildFile; fileRef = B7170360158E48A5006DEEC4 /* CCParticleSystem.m */; };
		B7170364158E48A5006DEEC4 /* CCParticleSystemPoint.m in Sources */ = {isa = PBXBuildFile; fileRef = B7170363158E48A5006DEEC4 /* CCParticleSystemPoint.m */; };
		B7170367158E48A5006DEEC4 /* CCParticleSystemQuad.m in Sources */ = {isa = PBXBuildFile; fileRef = B7170366158E48A5006DEEC4 /* CCParticleSystemQuad.m */; };
		B717036A158E48A5006DEEC4 /* CCProgressTimer.m in Sources */ = {isa = PBXBuildFile; fileRef = B7170369158E48A5006DEEC4 /* CCProgressTimer.m */; };
		B717036E158E48A6006DEEC4 /* CCRenderTexture.m in Sources */ = {isa = PBXBuildFile; fileRef = B717036D158E48A6006DEEC4 /* CCRenderTexture.m */; };
		B7170371158E48A6006DEEC4 /* CCRibbon.m in Sources */ = {isa = PBXBuildFile; fileRef = B7170370158E48A6006DEEC4 /* CCRibbon.m */; };
		B7170374158E48A6006DEEC4 /* CCScene.m in Sources */ = {isa = PBXBuildFile; fileRef = B7170373158E48A6006DEEC4 /* CCScene.m */; };
		B7170377158E48A6006DEEC4 /* CCScheduler.m in Sources */ = {isa = PBXBuildFile; fileRef = B7170376158E48A6006DEEC4 /* CCScheduler.m */; };
		B717037A158E48A6006DEEC4 /* CCSprite.m in Sources */ = {isa = PBXBuildFile; fileRef = B7170379158E48A6006DEEC4 /* CCSprite.m */; };
		B717037D158E48A6006DEEC4 /* CCSpriteBatchNode.m in Sources */ = {isa = PBXBuildFile; fileRef = B717037C158E48A6006DEEC4 /* CCSpriteBatchNode.m */; };
		B7170380158E48A6006DEEC4 /* CCSpriteFrame.m in Sources */ = {isa = PBXBuildFile; fileRef = B717037F158E48A6006DEEC4 /* CCSpriteFrame.m */; };
		B7170383158E48A6006DEEC4 /* CCSpriteFrameCache.m in Sources */ = {isa = PBXBuildFile; fileRef = B7170382158E48A6006DEEC4 /* CCSpriteFrameCache.m */; };
		B7170386158E48A6006DEEC4 /* CCTexture2D.m in Sources */ = {isa = PBXBuildFile; fileRef = B7170385158E48A6006DEEC4 /* CCTexture2D.m */; };
		B7170389158E48A6006DEEC4 /* CCTextureAtlas.m in Sources */ = {isa = PBXBuildFile; fileRef = B7170388158E48A6006DEEC4 /* CCTextureAtlas.m */; };
		B717038C158E48A6006DEEC4 /* CCTextureCache.m in Sources */ = {isa = PBXBuildFile; fileRef = B717038B158E48A6006DEEC4 /* CCTextureCache.m */; };
		B717038F158E48A6006DEEC4 /* CCTexturePVR.m in Sources */ = {isa = PBXBuildFile; fileRef = B717038E158E48A6006DEEC4 /* CCTexturePVR.m */; };
		B7170392158E48A6006DEEC4 /* CCTileMapAtlas.m in Sources */ = {isa = PBXBuildFile; fileRef = B7170391158E48A6006DEEC4 /* CCTileMapAtlas.m */; };
		B7170395158E48A6006DEEC4 /* CCTMXLayer.m in Sources */ = {isa = PBXBuildFile; fileRef = B7170394158E48A6006DEEC4 /* CCTMXLayer.m */; };
		B7170398158E48A6006DEEC4 /* CCTMXObjectGroup.m in Sources */ = {isa = PBXBuildFile; fileRef = B7170397158E48A6006DEEC4 /* CCTMXObjectGroup.m */; };
		B717039B158E48A6006DEEC4 /* CCTMXTiledMap.m in Sources */ = {isa = PBXBuildFile; fileRef = B717039A158E48A6006DEEC4 /* CCTMXTiledMap.m */; };
		B717039E158E48A6006DEEC4 /* CCTMXXMLParser.m in Sources */ = {isa = PBXBuildFile; fileRef = B717039D158E48A6006DEEC4 /* CCTMXXMLParser.m */; };
		B71703A1158E48A6006DEEC4 /* CCTransition.m in Sources */ = {isa = PBXBuildFile; fileRef = B71703A0158E48A6006DEEC4 /* CCTransition.m */; };
		B71703A4158E48A6006DEEC4 /* CCTransitionPageTurn.m in Sources */ = {isa = PBXBuildFile; fileRef = B71703A3158E48A6006DEEC4 /* CCTransitionPageTurn.m */; };
		B71703A7158E48A6006DEEC4 /* CCTransitionRadial.m in Sources */ = {isa = PBXBuildFile; fileRef = B71703A6158E48A6006DEEC4 /* CCTransitionRadial.m */; };
		B71703AB158E48A6006DEEC4 /* cocos2d.m in Sources */ = {isa = PBXBuildFile; fileRef = B71703AA158E48A6006DEEC4 /* cocos2d.m */; };
		B71703B2158E48A6006DEEC4 /* CCDirectorIOS.m in Sources */ = {isa = PBXBuildFile; fileRef = B71703B1158E48A6006DEEC4 /* CCDirectorIOS.m */; };
		B71703B6158E48A6006DEEC4 /* CCTouchDispatcher.m in Sources */ = {isa = PBXBuildFile; fileRef = B71703B5158E48A6006DEEC4 /* CCTouchDispatcher.m */; };
		B71703B9158E48A6006DEEC4 /* CCTouchHandler.m in Sources */ = {isa = PBXBuildFile; fileRef = B71703B8158E48A6006DEEC4 /* CCTouchHandler.m */; };
		B71703BC158E48A6006DEEC4 /* EAGLView.m in Sources */ = {isa = PBXBuildFile; fileRef = B71703BB158E48A6006DEEC4 /* EAGLView.m */; };
		B71703BF158E48A6006DEEC4 /* ES1Renderer.m in Sources */ = {isa = PBXBuildFile; fileRef = B71703BE158E48A6006DEEC4 /* ES1Renderer.m */; };
		B71703C2158E48A6006DEEC4 /* glu.c in Sources */ = {isa = PBXBuildFile; fileRef = B71703C1158E48A6006DEEC4 /* glu.c */; };
		B71703C7158E48A7006DEEC4 /* CCDirectorMac.m in Sources */ = {isa = PBXBuildFile; fileRef = B71703C6158E48A7006DEEC4 /* CCDirectorMac.m */; };
		B71703CA158E48A7006DEEC4 /* CCEventDispatcher.m in Sources */ = {isa = PBXBuildFile; fileRef = B71703C9158E48A7006DEEC4 /* CCEventDispatcher.m */; };
		B71703CD158E48A7006DEEC4 /* MacGLView.m in Sources */ = {isa = PBXBuildFile; fileRef = B71703CC158E48A7006DEEC4 /* MacGLView.m */; };
		B71703D0158E48A7006DEEC4 /* MacWindow.m in Sources */ = {isa = PBXBuildFile; fileRef = B71703CF158E48A7006DEEC4 /* MacWindow.m */; };
		B71703D3158E48A7006DEEC4 /* base64.c in Sources */ = {isa = PBXBuildFile; fileRef = B71703D2158E48A7006DEEC4 /* base64.c */; };
		B71703D7158E48A7006DEEC4 /* CCArray.m in Sources */ = {isa = PBXBuildFile; fileRef = B71703D6158E48A7006DEEC4 /* CCArray.m */; };
		B71703DB158E48A7006DEEC4 /* CCFileUtils.m in Sources */ = {isa = PBXBuildFile; fileRef = B71703DA158E48A7006DEEC4 /* CCFileUtils.m */; };
		B71703DE158E48A7006DEEC4 /* CCProfiling.m in Sources */ = {isa = PBXBuildFile; fileRef = B71703DD158E48A7006DEEC4 /* CCProfiling.m */; };
		B71703E0158E48A7006DEEC4 /* ccUtils.c in Sources */ = {isa = PBXBuildFile; fileRef = B71703DF158E48A7006DEEC4 /* ccUtils.c */; };
		B71703E4158E48A7006DEEC4 /* CGPointExtension.m in Sources */ = {isa = PBXBuildFile; fileRef = B71703E3158E48A7006DEEC4 /* CGPointExtension.m */; };
		B71703E8158E48A7006DEEC4 /* TGAlib.m in Sources */ = {isa = PBXBuildFile; fileRef = B71703E7158E48A7006DEEC4 /* TGAlib.m */; };
		B71703EB158E48A7006DEEC4 /* TransformUtils.m in Sources */ = {isa = PBXBuildFile; fileRef = B71703EA158E48A7006DEEC4 /* TransformUtils.m */; };
		B71703F0158E48A7006DEEC4 /* ZipUtils.m in Sources */ = {isa = PBXBuildFile; fileRef = B71703EF158E48A7006DEEC4 /* ZipUtils.m */; };
		B71703F5158E48A7006DEEC4 /* CDAudioManager.m in Sources */ = {isa = PBXBuildFile; fileRef = B71703F4158E48A7006DEEC4 /* CDAudioManager.m */; };
		B71703F9158E48A7006DEEC4 /* CDOpenALSupport.m in Sources */ = {isa = PBXBuildFile; fileRef = B71703F8158E48A7006DEEC4 /* CDOpenALSupport.m */; };
		B71703FC158E48A7006DEEC4 /* CocosDenshion.m in Sources */ = {isa = PBXBuildFile; fileRef = B71703FB158E48A7006DEEC4 /* CocosDenshion.m */; };
		B71703FF158E48A7006DEEC4 /* SimpleAudioEngine.m in Sources */ = {isa = PBXBuildFile; fileRef = B71703FE158E48A7006DEEC4 /* SimpleAudioEngine.m */; };
		B7170404158E48A7006DEEC4 /* CLScoreServerPost.m in Sources */ = {isa = PBXBuildFile; fileRef = B7170403158E48A7006DEEC4 /* CLScoreServerPost.m */; };
		B7170407158E48A7006DEEC4 /* CLScoreServerRequest.m in Sources */ = {isa = PBXBuildFile; fileRef = B7170406158E48A7006DEEC4 /* CLScoreServerRequest.m */; };
		B717040A158E48A7006DEEC4 /* cocoslive.m in Sources */ = {isa = PBXBuildFile; fileRef = B7170409158E48A7006DEEC4 /* cocoslive.m */; };
		B717040F158E48A7006DEEC4 /* CDataScanner.m in Sources */ = {isa = PBXBuildFile; fileRef = B717040E158E48A7006DEEC4 /* CDataScanner.m */; };
		B7170413158E48A7006DEEC4 /* CDataScanner_Extensions.m in Sources */ = {isa = PBXBuildFile; fileRef = B7170412158E48A7006DEEC4 /* CDataScanner_Extensions.m */; };
		B7170416158E48A7006DEEC4 /* NSDictionary_JSONExtensions.m in Sources */ = {isa = PBXBuildFile; fileRef = B7170415158E48A7006DEEC4 /* NSDictionary_JSONExtensions.m */; };
		B717041A158E48A7006DEEC4 /* CJSONDeserializer.m in Sources */ = {isa = PBXBuildFile; fileRef = B7170419158E48A7006DEEC4 /* CJSONDeserializer.m */; };
		B717041D158E48A7006DEEC4 /* CJSONScanner.m in Sources */ = {isa = PBXBuildFile; fileRef = B717041C158E48A7006DEEC4 /* CJSONScanner.m */; };
		B7170420158E48A7006DEEC4 /* CJSONSerializer.m in Sources */ = {isa = PBXBuildFile; fileRef = B717041F158E48A7006DEEC4 /* CJSONSerializer.m */; };
		B7170425158E48A7006DEEC4 /* FontLabel.m in Sources */ = {isa = PBXBuildFile; fileRef = B7170424158E48A7006DEEC4 /* FontLabel.m */; };
		B7170428158E48A7006DEEC4 /* FontLabelStringDrawing.m in Sources */ = {isa = PBXBuildFile; fileRef = B7170427158E48A7006DEEC4 /* FontLabelStringDrawing.m */; };
		B717042B158E48A7006DEEC4 /* FontManager.m in Sources */ = {isa = PBXBuildFile; fileRef = B717042A158E48A7006DEEC4 /* FontManager.m */; };
		B717042E158E48A7006DEEC4 /* ZAttributedString.m in Sources */ = {isa = PBXBuildFile; fileRef = B717042D158E48A7006DEEC4 /* ZAttributedString.m */; };
		B7170432158E48A7006DEEC4 /* ZFont.m in Sources */ = {isa = PBXBuildFile; fileRef = B7170431158E48A7006DEEC4 /* ZFont.m */; };
		B7170437158E48A7006DEEC4 /* main.m in Sources */ = {isa = PBXBuildFile; fileRef = B7170436158E48A7006DEEC4 /* main.m */; };
		B717043A158E48A8006DEEC4 /* AppDelegate.m in Sources */ = {isa = PBXBuildFile; fileRef = B7170439158E48A8006DEEC4 /* AppDelegate.m */; };
		B717043D158E48A8006DEEC4 /* RootViewController.m in Sources */ = {isa = PBXBuildFile; fileRef = B717043C158E48A8006DEEC4 /* RootViewController.m */; };
		B7170440158E48A8006DEEC4 /* HelloWorldLayer.m in Sources */ = {isa = PBXBuildFile; fileRef = B717043F158E48A8006DEEC4 /* HelloWorldLayer.m */; };
		B7666C8A158E735000AED88B /* liv_0.png in Resources */ = {isa = PBXBuildFile; fileRef = B7666C82158E735000AED88B /* liv_0.png */; };
		B7666C8B158E735000AED88B /* liv_1.png in Resources */ = {isa = PBXBuildFile; fileRef = B7666C83158E735000AED88B /* liv_1.png */; };
		B7666C8C158E735000AED88B /* liv_2.png in Resources */ = {isa = PBXBuildFile; fileRef = B7666C84158E735000AED88B /* liv_2.png */; };
		B7666C8D158E735000AED88B /* liv_3.png in Resources */ = {isa = PBXBuildFile; fileRef = B7666C85158E735000AED88B /* liv_3.png */; };
		B7666C8E158E735000AED88B /* liv_0-hd.png in Resources */ = {isa = PBXBuildFile; fileRef = B7666C86158E735000AED88B /* liv_0-hd.png */; };
		B7666C8F158E735000AED88B /* liv_1-hd.png in Resources */ = {isa = PBXBuildFile; fileRef = B7666C87158E735000AED88B /* liv_1-hd.png */; };
		B7666C90158E735000AED88B /* liv_2-hd.png in Resources */ = {isa = PBXBuildFile; fileRef = B7666C88158E735000AED88B /* liv_2-hd.png */; };
		B7666C91158E735000AED88B /* liv_3-hd.png in Resources */ = {isa = PBXBuildFile; fileRef = B7666C89158E735000AED88B /* liv_3-hd.png */; };
/* End PBXBuildFile section */

/* Begin PBXFileReference section */
		B71702D2158E48A4006DEEC4 /* learnParallax.app */ = {isa = PBXFileReference; explicitFileType = wrapper.application; includeInIndex = 0; path = learnParallax.app; sourceTree = BUILT_PRODUCTS_DIR; };
		B71702D6158E48A4006DEEC4 /* QuartzCore.framework */ = {isa = PBXFileReference; lastKnownFileType = wrapper.framework; name = QuartzCore.framework; path = System/Library/Frameworks/QuartzCore.framework; sourceTree = SDKROOT; };
		B71702D8158E48A4006DEEC4 /* OpenGLES.framework */ = {isa = PBXFileReference; lastKnownFileType = wrapper.framework; name = OpenGLES.framework; path = System/Library/Frameworks/OpenGLES.framework; sourceTree = SDKROOT; };
		B71702DA158E48A4006DEEC4 /* OpenAL.framework */ = {isa = PBXFileReference; lastKnownFileType = wrapper.framework; name = OpenAL.framework; path = System/Library/Frameworks/OpenAL.framework; sourceTree = SDKROOT; };
		B71702DC158E48A4006DEEC4 /* AudioToolbox.framework */ = {isa = PBXFileReference; lastKnownFileType = wrapper.framework; name = AudioToolbox.framework; path = System/Library/Frameworks/AudioToolbox.framework; sourceTree = SDKROOT; };
		B71702DE158E48A4006DEEC4 /* AVFoundation.framework */ = {isa = PBXFileReference; lastKnownFileType = wrapper.framework; name = AVFoundation.framework; path = System/Library/Frameworks/AVFoundation.framework; sourceTree = SDKROOT; };
		B71702E0158E48A4006DEEC4 /* UIKit.framework */ = {isa = PBXFileReference; lastKnownFileType = wrapper.framework; name = UIKit.framework; path = System/Library/Frameworks/UIKit.framework; sourceTree = SDKROOT; };
		B71702E2158E48A4006DEEC4 /* Foundation.framework */ = {isa = PBXFileReference; lastKnownFileType = wrapper.framework; name = Foundation.framework; path = System/Library/Frameworks/Foundation.framework; sourceTree = SDKROOT; };
		B71702E4158E48A4006DEEC4 /* CoreGraphics.framework */ = {isa = PBXFileReference; lastKnownFileType = wrapper.framework; name = CoreGraphics.framework; path = System/Library/Frameworks/CoreGraphics.framework; sourceTree = SDKROOT; };
		B71702E8158E48A4006DEEC4 /* Default.png */ = {isa = PBXFileReference; lastKnownFileType = image.png; name = Default.png; path = Resources/Default.png; sourceTree = "<group>"; };
		B71702EA158E48A4006DEEC4 /* fps_images.png */ = {isa = PBXFileReference; lastKnownFileType = image.png; name = fps_images.png; path = Resources/fps_images.png; sourceTree = "<group>"; };
		B71702EC158E48A4006DEEC4 /* Icon-72.png */ = {isa = PBXFileReference; lastKnownFileType = image.png; name = "Icon-72.png"; path = "Resources/Icon-72.png"; sourceTree = "<group>"; };
		B71702EE158E48A4006DEEC4 /* Icon-Small-50.png */ = {isa = PBXFileReference; lastKnownFileType = image.png; name = "Icon-Small-50.png"; path = "Resources/Icon-Small-50.png"; sourceTree = "<group>"; };
		B71702F0158E48A4006DEEC4 /* Icon-Small.png */ = {isa = PBXFileReference; lastKnownFileType = image.png; name = "Icon-Small.png"; path = "Resources/Icon-Small.png"; sourceTree = "<group>"; };
		B71702F2158E48A4006DEEC4 /* Icon-Small@2x.png */ = {isa = PBXFileReference; lastKnownFileType = image.png; name = "Icon-Small@2x.png"; path = "Resources/Icon-Small@2x.png"; sourceTree = "<group>"; };
		B71702F4158E48A4006DEEC4 /* Icon.png */ = {isa = PBXFileReference; lastKnownFileType = image.png; name = Icon.png; path = Resources/Icon.png; sourceTree = "<group>"; };
		B71702F6158E48A4006DEEC4 /* Icon@2x.png */ = {isa = PBXFileReference; lastKnownFileType = image.png; name = "Icon@2x.png"; path = "Resources/Icon@2x.png"; sourceTree = "<group>"; };
		B71702F8158E48A4006DEEC4 /* Info.plist */ = {isa = PBXFileReference; lastKnownFileType = text.plist.xml; name = Info.plist; path = Resources/Info.plist; sourceTree = "<group>"; };
		B71702F9158E48A4006DEEC4 /* iTunesArtwork */ = {isa = PBXFileReference; lastKnownFileType = file; name = iTunesArtwork; path = Resources/iTunesArtwork; sourceTree = "<group>"; };
		B71702FD158E48A4006DEEC4 /* CCAction.h */ = {isa = PBXFileReference; lastKnownFileType = sourcecode.c.h; name = CCAction.h; path = libs/cocos2d/CCAction.h; sourceTree = "<group>"; };
		B71702FE158E48A4006DEEC4 /* CCAction.m */ = {isa = PBXFileReference; lastKnownFileType = sourcecode.c.objc; name = CCAction.m; path = libs/cocos2d/CCAction.m; sourceTree = "<group>"; };
		B7170300158E48A4006DEEC4 /* CCActionCamera.h */ = {isa = PBXFileReference; lastKnownFileType = sourcecode.c.h; name = CCActionCamera.h; path = libs/cocos2d/CCActionCamera.h; sourceTree = "<group>"; };
		B7170301158E48A4006DEEC4 /* CCActionCamera.m */ = {isa = PBXFileReference; lastKnownFileType = sourcecode.c.objc; name = CCActionCamera.m; path = libs/cocos2d/CCActionCamera.m; sourceTree = "<group>"; };
		B7170303158E48A4006DEEC4 /* CCActionEase.h */ = {isa = PBXFileReference; lastKnownFileType = sourcecode.c.h; name = CCActionEase.h; path = libs/cocos2d/CCActionEase.h; sourceTree = "<group>"; };
		B7170304158E48A4006DEEC4 /* CCActionEase.m */ = {isa = PBXFileReference; lastKnownFileType = sourcecode.c.objc; name = CCActionEase.m; path = libs/cocos2d/CCActionEase.m; sourceTree = "<group>"; };
		B7170306158E48A4006DEEC4 /* CCActionGrid.h */ = {isa = PBXFileReference; lastKnownFileType = sourcecode.c.h; name = CCActionGrid.h; path = libs/cocos2d/CCActionGrid.h; sourceTree = "<group>"; };
		B7170307158E48A4006DEEC4 /* CCActionGrid.m */ = {isa = PBXFileReference; lastKnownFileType = sourcecode.c.objc; name = CCActionGrid.m; path = libs/cocos2d/CCActionGrid.m; sourceTree = "<group>"; };
		B7170309158E48A4006DEEC4 /* CCActionGrid3D.h */ = {isa = PBXFileReference; lastKnownFileType = sourcecode.c.h; name = CCActionGrid3D.h; path = libs/cocos2d/CCActionGrid3D.h; sourceTree = "<group>"; };
		B717030A158E48A4006DEEC4 /* CCActionGrid3D.m */ = {isa = PBXFileReference; lastKnownFileType = sourcecode.c.objc; name = CCActionGrid3D.m; path = libs/cocos2d/CCActionGrid3D.m; sourceTree = "<group>"; };
		B717030C158E48A4006DEEC4 /* CCActionInstant.h */ = {isa = PBXFileReference; lastKnownFileType = sourcecode.c.h; name = CCActionInstant.h; path = libs/cocos2d/CCActionInstant.h; sourceTree = "<group>"; };
		B717030D158E48A4006DEEC4 /* CCActionInstant.m */ = {isa = PBXFileReference; lastKnownFileType = sourcecode.c.objc; name = CCActionInstant.m; path = libs/cocos2d/CCActionInstant.m; sourceTree = "<group>"; };
		B717030F158E48A4006DEEC4 /* CCActionInterval.h */ = {isa = PBXFileReference; lastKnownFileType = sourcecode.c.h; name = CCActionInterval.h; path = libs/cocos2d/CCActionInterval.h; sourceTree = "<group>"; };
		B7170310158E48A4006DEEC4 /* CCActionInterval.m */ = {isa = PBXFileReference; lastKnownFileType = sourcecode.c.objc; name = CCActionInterval.m; path = libs/cocos2d/CCActionInterval.m; sourceTree = "<group>"; };
		B7170312158E48A4006DEEC4 /* CCActionManager.h */ = {isa = PBXFileReference; lastKnownFileType = sourcecode.c.h; name = CCActionManager.h; path = libs/cocos2d/CCActionManager.h; sourceTree = "<group>"; };
		B7170313158E48A4006DEEC4 /* CCActionManager.m */ = {isa = PBXFileReference; lastKnownFileType = sourcecode.c.objc; name = CCActionManager.m; path = libs/cocos2d/CCActionManager.m; sourceTree = "<group>"; };
		B7170315158E48A4006DEEC4 /* CCActionPageTurn3D.h */ = {isa = PBXFileReference; lastKnownFileType = sourcecode.c.h; name = CCActionPageTurn3D.h; path = libs/cocos2d/CCActionPageTurn3D.h; sourceTree = "<group>"; };
		B7170316158E48A4006DEEC4 /* CCActionPageTurn3D.m */ = {isa = PBXFileReference; lastKnownFileType = sourcecode.c.objc; name = CCActionPageTurn3D.m; path = libs/cocos2d/CCActionPageTurn3D.m; sourceTree = "<group>"; };
		B7170318158E48A4006DEEC4 /* CCActionProgressTimer.h */ = {isa = PBXFileReference; lastKnownFileType = sourcecode.c.h; name = CCActionProgressTimer.h; path = libs/cocos2d/CCActionProgressTimer.h; sourceTree = "<group>"; };
		B7170319158E48A4006DEEC4 /* CCActionProgressTimer.m */ = {isa = PBXFileReference; lastKnownFileType = sourcecode.c.objc; name = CCActionProgressTimer.m; path = libs/cocos2d/CCActionProgressTimer.m; sourceTree = "<group>"; };
		B717031B158E48A4006DEEC4 /* CCActionTiledGrid.h */ = {isa = PBXFileReference; lastKnownFileType = sourcecode.c.h; name = CCActionTiledGrid.h; path = libs/cocos2d/CCActionTiledGrid.h; sourceTree = "<group>"; };
		B717031C158E48A4006DEEC4 /* CCActionTiledGrid.m */ = {isa = PBXFileReference; lastKnownFileType = sourcecode.c.objc; name = CCActionTiledGrid.m; path = libs/cocos2d/CCActionTiledGrid.m; sourceTree = "<group>"; };
		B717031E158E48A4006DEEC4 /* CCActionTween.h */ = {isa = PBXFileReference; lastKnownFileType = sourcecode.c.h; name = CCActionTween.h; path = libs/cocos2d/CCActionTween.h; sourceTree = "<group>"; };
		B717031F158E48A4006DEEC4 /* CCActionTween.m */ = {isa = PBXFileReference; lastKnownFileType = sourcecode.c.objc; name = CCActionTween.m; path = libs/cocos2d/CCActionTween.m; sourceTree = "<group>"; };
		B7170321158E48A4006DEEC4 /* CCAnimation.h */ = {isa = PBXFileReference; lastKnownFileType = sourcecode.c.h; name = CCAnimation.h; path = libs/cocos2d/CCAnimation.h; sourceTree = "<group>"; };
		B7170322158E48A4006DEEC4 /* CCAnimation.m */ = {isa = PBXFileReference; lastKnownFileType = sourcecode.c.objc; name = CCAnimation.m; path = libs/cocos2d/CCAnimation.m; sourceTree = "<group>"; };
		B7170324158E48A4006DEEC4 /* CCAnimationCache.h */ = {isa = PBXFileReference; lastKnownFileType = sourcecode.c.h; name = CCAnimationCache.h; path = libs/cocos2d/CCAnimationCache.h; sourceTree = "<group>"; };
		B7170325158E48A4006DEEC4 /* CCAnimationCache.m */ = {isa = PBXFileReference; lastKnownFileType = sourcecode.c.objc; name = CCAnimationCache.m; path = libs/cocos2d/CCAnimationCache.m; sourceTree = "<group>"; };
		B7170327158E48A4006DEEC4 /* CCAtlasNode.h */ = {isa = PBXFileReference; lastKnownFileType = sourcecode.c.h; name = CCAtlasNode.h; path = libs/cocos2d/CCAtlasNode.h; sourceTree = "<group>"; };
		B7170328158E48A4006DEEC4 /* CCAtlasNode.m */ = {isa = PBXFileReference; lastKnownFileType = sourcecode.c.objc; name = CCAtlasNode.m; path = libs/cocos2d/CCAtlasNode.m; sourceTree = "<group>"; };
		B717032A158E48A4006DEEC4 /* CCBlockSupport.h */ = {isa = PBXFileReference; lastKnownFileType = sourcecode.c.h; name = CCBlockSupport.h; path = libs/cocos2d/CCBlockSupport.h; sourceTree = "<group>"; };
		B717032B158E48A4006DEEC4 /* CCBlockSupport.m */ = {isa = PBXFileReference; lastKnownFileType = sourcecode.c.objc; name = CCBlockSupport.m; path = libs/cocos2d/CCBlockSupport.m; sourceTree = "<group>"; };
		B717032D158E48A4006DEEC4 /* CCCamera.h */ = {isa = PBXFileReference; lastKnownFileType = sourcecode.c.h; name = CCCamera.h; path = libs/cocos2d/CCCamera.h; sourceTree = "<group>"; };
		B717032E158E48A4006DEEC4 /* CCCamera.m */ = {isa = PBXFileReference; lastKnownFileType = sourcecode.c.objc; name = CCCamera.m; path = libs/cocos2d/CCCamera.m; sourceTree = "<group>"; };
		B7170330158E48A4006DEEC4 /* ccConfig.h */ = {isa = PBXFileReference; lastKnownFileType = sourcecode.c.h; name = ccConfig.h; path = libs/cocos2d/ccConfig.h; sourceTree = "<group>"; };
		B7170331158E48A4006DEEC4 /* CCConfiguration.h */ = {isa = PBXFileReference; lastKnownFileType = sourcecode.c.h; name = CCConfiguration.h; path = libs/cocos2d/CCConfiguration.h; sourceTree = "<group>"; };
		B7170332158E48A4006DEEC4 /* CCConfiguration.m */ = {isa = PBXFileReference; lastKnownFileType = sourcecode.c.objc; name = CCConfiguration.m; path = libs/cocos2d/CCConfiguration.m; sourceTree = "<group>"; };
		B7170334158E48A4006DEEC4 /* CCDirector.h */ = {isa = PBXFileReference; lastKnownFileType = sourcecode.c.h; name = CCDirector.h; path = libs/cocos2d/CCDirector.h; sourceTree = "<group>"; };
		B7170335158E48A5006DEEC4 /* CCDirector.m */ = {isa = PBXFileReference; lastKnownFileType = sourcecode.c.objc; name = CCDirector.m; path = libs/cocos2d/CCDirector.m; sourceTree = "<group>"; };
		B7170337158E48A5006DEEC4 /* CCDrawingPrimitives.h */ = {isa = PBXFileReference; lastKnownFileType = sourcecode.c.h; name = CCDrawingPrimitives.h; path = libs/cocos2d/CCDrawingPrimitives.h; sourceTree = "<group>"; };
		B7170338158E48A5006DEEC4 /* CCDrawingPrimitives.m */ = {isa = PBXFileReference; lastKnownFileType = sourcecode.c.objc; name = CCDrawingPrimitives.m; path = libs/cocos2d/CCDrawingPrimitives.m; sourceTree = "<group>"; };
		B717033A158E48A5006DEEC4 /* CCGrabber.h */ = {isa = PBXFileReference; lastKnownFileType = sourcecode.c.h; name = CCGrabber.h; path = libs/cocos2d/CCGrabber.h; sourceTree = "<group>"; };
		B717033B158E48A5006DEEC4 /* CCGrabber.m */ = {isa = PBXFileReference; lastKnownFileType = sourcecode.c.objc; name = CCGrabber.m; path = libs/cocos2d/CCGrabber.m; sourceTree = "<group>"; };
		B717033D158E48A5006DEEC4 /* CCGrid.h */ = {isa = PBXFileReference; lastKnownFileType = sourcecode.c.h; name = CCGrid.h; path = libs/cocos2d/CCGrid.h; sourceTree = "<group>"; };
		B717033E158E48A5006DEEC4 /* CCGrid.m */ = {isa = PBXFileReference; lastKnownFileType = sourcecode.c.objc; name = CCGrid.m; path = libs/cocos2d/CCGrid.m; sourceTree = "<group>"; };
		B7170340158E48A5006DEEC4 /* CCLabelAtlas.h */ = {isa = PBXFileReference; lastKnownFileType = sourcecode.c.h; name = CCLabelAtlas.h; path = libs/cocos2d/CCLabelAtlas.h; sourceTree = "<group>"; };
		B7170341158E48A5006DEEC4 /* CCLabelAtlas.m */ = {isa = PBXFileReference; lastKnownFileType = sourcecode.c.objc; name = CCLabelAtlas.m; path = libs/cocos2d/CCLabelAtlas.m; sourceTree = "<group>"; };
		B7170343158E48A5006DEEC4 /* CCLabelBMFont.h */ = {isa = PBXFileReference; lastKnownFileType = sourcecode.c.h; name = CCLabelBMFont.h; path = libs/cocos2d/CCLabelBMFont.h; sourceTree = "<group>"; };
		B7170344158E48A5006DEEC4 /* CCLabelBMFont.m */ = {isa = PBXFileReference; lastKnownFileType = sourcecode.c.objc; name = CCLabelBMFont.m; path = libs/cocos2d/CCLabelBMFont.m; sourceTree = "<group>"; };
		B7170346158E48A5006DEEC4 /* CCLabelTTF.h */ = {isa = PBXFileReference; lastKnownFileType = sourcecode.c.h; name = CCLabelTTF.h; path = libs/cocos2d/CCLabelTTF.h; sourceTree = "<group>"; };
		B7170347158E48A5006DEEC4 /* CCLabelTTF.m */ = {isa = PBXFileReference; lastKnownFileType = sourcecode.c.objc; name = CCLabelTTF.m; path = libs/cocos2d/CCLabelTTF.m; sourceTree = "<group>"; };
		B7170349158E48A5006DEEC4 /* CCLayer.h */ = {isa = PBXFileReference; lastKnownFileType = sourcecode.c.h; name = CCLayer.h; path = libs/cocos2d/CCLayer.h; sourceTree = "<group>"; };
		B717034A158E48A5006DEEC4 /* CCLayer.m */ = {isa = PBXFileReference; lastKnownFileType = sourcecode.c.objc; name = CCLayer.m; path = libs/cocos2d/CCLayer.m; sourceTree = "<group>"; };
		B717034C158E48A5006DEEC4 /* ccMacros.h */ = {isa = PBXFileReference; lastKnownFileType = sourcecode.c.h; name = ccMacros.h; path = libs/cocos2d/ccMacros.h; sourceTree = "<group>"; };
		B717034D158E48A5006DEEC4 /* CCMenu.h */ = {isa = PBXFileReference; lastKnownFileType = sourcecode.c.h; name = CCMenu.h; path = libs/cocos2d/CCMenu.h; sourceTree = "<group>"; };
		B717034E158E48A5006DEEC4 /* CCMenu.m */ = {isa = PBXFileReference; lastKnownFileType = sourcecode.c.objc; name = CCMenu.m; path = libs/cocos2d/CCMenu.m; sourceTree = "<group>"; };
		B7170350158E48A5006DEEC4 /* CCMenuItem.h */ = {isa = PBXFileReference; lastKnownFileType = sourcecode.c.h; name = CCMenuItem.h; path = libs/cocos2d/CCMenuItem.h; sourceTree = "<group>"; };
		B7170351158E48A5006DEEC4 /* CCMenuItem.m */ = {isa = PBXFileReference; lastKnownFileType = sourcecode.c.objc; name = CCMenuItem.m; path = libs/cocos2d/CCMenuItem.m; sourceTree = "<group>"; };
		B7170353158E48A5006DEEC4 /* CCMotionStreak.h */ = {isa = PBXFileReference; lastKnownFileType = sourcecode.c.h; name = CCMotionStreak.h; path = libs/cocos2d/CCMotionStreak.h; sourceTree = "<group>"; };
		B7170354158E48A5006DEEC4 /* CCMotionStreak.m */ = {isa = PBXFileReference; lastKnownFileType = sourcecode.c.objc; name = CCMotionStreak.m; path = libs/cocos2d/CCMotionStreak.m; sourceTree = "<group>"; };
		B7170356158E48A5006DEEC4 /* CCNode.h */ = {isa = PBXFileReference; lastKnownFileType = sourcecode.c.h; name = CCNode.h; path = libs/cocos2d/CCNode.h; sourceTree = "<group>"; };
		B7170357158E48A5006DEEC4 /* CCNode.m */ = {isa = PBXFileReference; lastKnownFileType = sourcecode.c.objc; name = CCNode.m; path = libs/cocos2d/CCNode.m; sourceTree = "<group>"; };
		B7170359158E48A5006DEEC4 /* CCParallaxNode.h */ = {isa = PBXFileReference; lastKnownFileType = sourcecode.c.h; name = CCParallaxNode.h; path = libs/cocos2d/CCParallaxNode.h; sourceTree = "<group>"; };
		B717035A158E48A5006DEEC4 /* CCParallaxNode.m */ = {isa = PBXFileReference; lastKnownFileType = sourcecode.c.objc; name = CCParallaxNode.m; path = libs/cocos2d/CCParallaxNode.m; sourceTree = "<group>"; };
		B717035C158E48A5006DEEC4 /* CCParticleExamples.h */ = {isa = PBXFileReference; lastKnownFileType = sourcecode.c.h; name = CCParticleExamples.h; path = libs/cocos2d/CCParticleExamples.h; sourceTree = "<group>"; };
		B717035D158E48A5006DEEC4 /* CCParticleExamples.m */ = {isa = PBXFileReference; lastKnownFileType = sourcecode.c.objc; name = CCParticleExamples.m; path = libs/cocos2d/CCParticleExamples.m; sourceTree = "<group>"; };
		B717035F158E48A5006DEEC4 /* CCParticleSystem.h */ = {isa = PBXFileReference; lastKnownFileType = sourcecode.c.h; name = CCParticleSystem.h; path = libs/cocos2d/CCParticleSystem.h; sourceTree = "<group>"; };
		B7170360158E48A5006DEEC4 /* CCParticleSystem.m */ = {isa = PBXFileReference; lastKnownFileType = sourcecode.c.objc; name = CCParticleSystem.m; path = libs/cocos2d/CCParticleSystem.m; sourceTree = "<group>"; };
		B7170362158E48A5006DEEC4 /* CCParticleSystemPoint.h */ = {isa = PBXFileReference; lastKnownFileType = sourcecode.c.h; name = CCParticleSystemPoint.h; path = libs/cocos2d/CCParticleSystemPoint.h; sourceTree = "<group>"; };
		B7170363158E48A5006DEEC4 /* CCParticleSystemPoint.m */ = {isa = PBXFileReference; lastKnownFileType = sourcecode.c.objc; name = CCParticleSystemPoint.m; path = libs/cocos2d/CCParticleSystemPoint.m; sourceTree = "<group>"; };
		B7170365158E48A5006DEEC4 /* CCParticleSystemQuad.h */ = {isa = PBXFileReference; lastKnownFileType = sourcecode.c.h; name = CCParticleSystemQuad.h; path = libs/cocos2d/CCParticleSystemQuad.h; sourceTree = "<group>"; };
		B7170366158E48A5006DEEC4 /* CCParticleSystemQuad.m */ = {isa = PBXFileReference; lastKnownFileType = sourcecode.c.objc; name = CCParticleSystemQuad.m; path = libs/cocos2d/CCParticleSystemQuad.m; sourceTree = "<group>"; };
		B7170368158E48A5006DEEC4 /* CCProgressTimer.h */ = {isa = PBXFileReference; lastKnownFileType = sourcecode.c.h; name = CCProgressTimer.h; path = libs/cocos2d/CCProgressTimer.h; sourceTree = "<group>"; };
		B7170369158E48A5006DEEC4 /* CCProgressTimer.m */ = {isa = PBXFileReference; lastKnownFileType = sourcecode.c.objc; name = CCProgressTimer.m; path = libs/cocos2d/CCProgressTimer.m; sourceTree = "<group>"; };
		B717036B158E48A5006DEEC4 /* CCProtocols.h */ = {isa = PBXFileReference; lastKnownFileType = sourcecode.c.h; name = CCProtocols.h; path = libs/cocos2d/CCProtocols.h; sourceTree = "<group>"; };
		B717036C158E48A6006DEEC4 /* CCRenderTexture.h */ = {isa = PBXFileReference; lastKnownFileType = sourcecode.c.h; name = CCRenderTexture.h; path = libs/cocos2d/CCRenderTexture.h; sourceTree = "<group>"; };
		B717036D158E48A6006DEEC4 /* CCRenderTexture.m */ = {isa = PBXFileReference; lastKnownFileType = sourcecode.c.objc; name = CCRenderTexture.m; path = libs/cocos2d/CCRenderTexture.m; sourceTree = "<group>"; };
		B717036F158E48A6006DEEC4 /* CCRibbon.h */ = {isa = PBXFileReference; lastKnownFileType = sourcecode.c.h; name = CCRibbon.h; path = libs/cocos2d/CCRibbon.h; sourceTree = "<group>"; };
		B7170370158E48A6006DEEC4 /* CCRibbon.m */ = {isa = PBXFileReference; lastKnownFileType = sourcecode.c.objc; name = CCRibbon.m; path = libs/cocos2d/CCRibbon.m; sourceTree = "<group>"; };
		B7170372158E48A6006DEEC4 /* CCScene.h */ = {isa = PBXFileReference; lastKnownFileType = sourcecode.c.h; name = CCScene.h; path = libs/cocos2d/CCScene.h; sourceTree = "<group>"; };
		B7170373158E48A6006DEEC4 /* CCScene.m */ = {isa = PBXFileReference; lastKnownFileType = sourcecode.c.objc; name = CCScene.m; path = libs/cocos2d/CCScene.m; sourceTree = "<group>"; };
		B7170375158E48A6006DEEC4 /* CCScheduler.h */ = {isa = PBXFileReference; lastKnownFileType = sourcecode.c.h; name = CCScheduler.h; path = libs/cocos2d/CCScheduler.h; sourceTree = "<group>"; };
		B7170376158E48A6006DEEC4 /* CCScheduler.m */ = {isa = PBXFileReference; lastKnownFileType = sourcecode.c.objc; name = CCScheduler.m; path = libs/cocos2d/CCScheduler.m; sourceTree = "<group>"; };
		B7170378158E48A6006DEEC4 /* CCSprite.h */ = {isa = PBXFileReference; lastKnownFileType = sourcecode.c.h; name = CCSprite.h; path = libs/cocos2d/CCSprite.h; sourceTree = "<group>"; };
		B7170379158E48A6006DEEC4 /* CCSprite.m */ = {isa = PBXFileReference; lastKnownFileType = sourcecode.c.objc; name = CCSprite.m; path = libs/cocos2d/CCSprite.m; sourceTree = "<group>"; };
		B717037B158E48A6006DEEC4 /* CCSpriteBatchNode.h */ = {isa = PBXFileReference; lastKnownFileType = sourcecode.c.h; name = CCSpriteBatchNode.h; path = libs/cocos2d/CCSpriteBatchNode.h; sourceTree = "<group>"; };
		B717037C158E48A6006DEEC4 /* CCSpriteBatchNode.m */ = {isa = PBXFileReference; lastKnownFileType = sourcecode.c.objc; name = CCSpriteBatchNode.m; path = libs/cocos2d/CCSpriteBatchNode.m; sourceTree = "<group>"; };
		B717037E158E48A6006DEEC4 /* CCSpriteFrame.h */ = {isa = PBXFileReference; lastKnownFileType = sourcecode.c.h; name = CCSpriteFrame.h; path = libs/cocos2d/CCSpriteFrame.h; sourceTree = "<group>"; };
		B717037F158E48A6006DEEC4 /* CCSpriteFrame.m */ = {isa = PBXFileReference; lastKnownFileType = sourcecode.c.objc; name = CCSpriteFrame.m; path = libs/cocos2d/CCSpriteFrame.m; sourceTree = "<group>"; };
		B7170381158E48A6006DEEC4 /* CCSpriteFrameCache.h */ = {isa = PBXFileReference; lastKnownFileType = sourcecode.c.h; name = CCSpriteFrameCache.h; path = libs/cocos2d/CCSpriteFrameCache.h; sourceTree = "<group>"; };
		B7170382158E48A6006DEEC4 /* CCSpriteFrameCache.m */ = {isa = PBXFileReference; lastKnownFileType = sourcecode.c.objc; name = CCSpriteFrameCache.m; path = libs/cocos2d/CCSpriteFrameCache.m; sourceTree = "<group>"; };
		B7170384158E48A6006DEEC4 /* CCTexture2D.h */ = {isa = PBXFileReference; lastKnownFileType = sourcecode.c.h; name = CCTexture2D.h; path = libs/cocos2d/CCTexture2D.h; sourceTree = "<group>"; };
		B7170385158E48A6006DEEC4 /* CCTexture2D.m */ = {isa = PBXFileReference; lastKnownFileType = sourcecode.c.objc; name = CCTexture2D.m; path = libs/cocos2d/CCTexture2D.m; sourceTree = "<group>"; };
		B7170387158E48A6006DEEC4 /* CCTextureAtlas.h */ = {isa = PBXFileReference; lastKnownFileType = sourcecode.c.h; name = CCTextureAtlas.h; path = libs/cocos2d/CCTextureAtlas.h; sourceTree = "<group>"; };
		B7170388158E48A6006DEEC4 /* CCTextureAtlas.m */ = {isa = PBXFileReference; lastKnownFileType = sourcecode.c.objc; name = CCTextureAtlas.m; path = libs/cocos2d/CCTextureAtlas.m; sourceTree = "<group>"; };
		B717038A158E48A6006DEEC4 /* CCTextureCache.h */ = {isa = PBXFileReference; lastKnownFileType = sourcecode.c.h; name = CCTextureCache.h; path = libs/cocos2d/CCTextureCache.h; sourceTree = "<group>"; };
		B717038B158E48A6006DEEC4 /* CCTextureCache.m */ = {isa = PBXFileReference; lastKnownFileType = sourcecode.c.objc; name = CCTextureCache.m; path = libs/cocos2d/CCTextureCache.m; sourceTree = "<group>"; };
		B717038D158E48A6006DEEC4 /* CCTexturePVR.h */ = {isa = PBXFileReference; lastKnownFileType = sourcecode.c.h; name = CCTexturePVR.h; path = libs/cocos2d/CCTexturePVR.h; sourceTree = "<group>"; };
		B717038E158E48A6006DEEC4 /* CCTexturePVR.m */ = {isa = PBXFileReference; lastKnownFileType = sourcecode.c.objc; name = CCTexturePVR.m; path = libs/cocos2d/CCTexturePVR.m; sourceTree = "<group>"; };
		B7170390158E48A6006DEEC4 /* CCTileMapAtlas.h */ = {isa = PBXFileReference; lastKnownFileType = sourcecode.c.h; name = CCTileMapAtlas.h; path = libs/cocos2d/CCTileMapAtlas.h; sourceTree = "<group>"; };
		B7170391158E48A6006DEEC4 /* CCTileMapAtlas.m */ = {isa = PBXFileReference; lastKnownFileType = sourcecode.c.objc; name = CCTileMapAtlas.m; path = libs/cocos2d/CCTileMapAtlas.m; sourceTree = "<group>"; };
		B7170393158E48A6006DEEC4 /* CCTMXLayer.h */ = {isa = PBXFileReference; lastKnownFileType = sourcecode.c.h; name = CCTMXLayer.h; path = libs/cocos2d/CCTMXLayer.h; sourceTree = "<group>"; };
		B7170394158E48A6006DEEC4 /* CCTMXLayer.m */ = {isa = PBXFileReference; lastKnownFileType = sourcecode.c.objc; name = CCTMXLayer.m; path = libs/cocos2d/CCTMXLayer.m; sourceTree = "<group>"; };
		B7170396158E48A6006DEEC4 /* CCTMXObjectGroup.h */ = {isa = PBXFileReference; lastKnownFileType = sourcecode.c.h; name = CCTMXObjectGroup.h; path = libs/cocos2d/CCTMXObjectGroup.h; sourceTree = "<group>"; };
		B7170397158E48A6006DEEC4 /* CCTMXObjectGroup.m */ = {isa = PBXFileReference; lastKnownFileType = sourcecode.c.objc; name = CCTMXObjectGroup.m; path = libs/cocos2d/CCTMXObjectGroup.m; sourceTree = "<group>"; };
		B7170399158E48A6006DEEC4 /* CCTMXTiledMap.h */ = {isa = PBXFileReference; lastKnownFileType = sourcecode.c.h; name = CCTMXTiledMap.h; path = libs/cocos2d/CCTMXTiledMap.h; sourceTree = "<group>"; };
		B717039A158E48A6006DEEC4 /* CCTMXTiledMap.m */ = {isa = PBXFileReference; lastKnownFileType = sourcecode.c.objc; name = CCTMXTiledMap.m; path = libs/cocos2d/CCTMXTiledMap.m; sourceTree = "<group>"; };
		B717039C158E48A6006DEEC4 /* CCTMXXMLParser.h */ = {isa = PBXFileReference; lastKnownFileType = sourcecode.c.h; name = CCTMXXMLParser.h; path = libs/cocos2d/CCTMXXMLParser.h; sourceTree = "<group>"; };
		B717039D158E48A6006DEEC4 /* CCTMXXMLParser.m */ = {isa = PBXFileReference; lastKnownFileType = sourcecode.c.objc; name = CCTMXXMLParser.m; path = libs/cocos2d/CCTMXXMLParser.m; sourceTree = "<group>"; };
		B717039F158E48A6006DEEC4 /* CCTransition.h */ = {isa = PBXFileReference; lastKnownFileType = sourcecode.c.h; name = CCTransition.h; path = libs/cocos2d/CCTransition.h; sourceTree = "<group>"; };
		B71703A0158E48A6006DEEC4 /* CCTransition.m */ = {isa = PBXFileReference; lastKnownFileType = sourcecode.c.objc; name = CCTransition.m; path = libs/cocos2d/CCTransition.m; sourceTree = "<group>"; };
		B71703A2158E48A6006DEEC4 /* CCTransitionPageTurn.h */ = {isa = PBXFileReference; lastKnownFileType = sourcecode.c.h; name = CCTransitionPageTurn.h; path = libs/cocos2d/CCTransitionPageTurn.h; sourceTree = "<group>"; };
		B71703A3158E48A6006DEEC4 /* CCTransitionPageTurn.m */ = {isa = PBXFileReference; lastKnownFileType = sourcecode.c.objc; name = CCTransitionPageTurn.m; path = libs/cocos2d/CCTransitionPageTurn.m; sourceTree = "<group>"; };
		B71703A5158E48A6006DEEC4 /* CCTransitionRadial.h */ = {isa = PBXFileReference; lastKnownFileType = sourcecode.c.h; name = CCTransitionRadial.h; path = libs/cocos2d/CCTransitionRadial.h; sourceTree = "<group>"; };
		B71703A6158E48A6006DEEC4 /* CCTransitionRadial.m */ = {isa = PBXFileReference; lastKnownFileType = sourcecode.c.objc; name = CCTransitionRadial.m; path = libs/cocos2d/CCTransitionRadial.m; sourceTree = "<group>"; };
		B71703A8158E48A6006DEEC4 /* ccTypes.h */ = {isa = PBXFileReference; lastKnownFileType = sourcecode.c.h; name = ccTypes.h; path = libs/cocos2d/ccTypes.h; sourceTree = "<group>"; };
		B71703A9158E48A6006DEEC4 /* cocos2d.h */ = {isa = PBXFileReference; lastKnownFileType = sourcecode.c.h; name = cocos2d.h; path = libs/cocos2d/cocos2d.h; sourceTree = "<group>"; };
		B71703AA158E48A6006DEEC4 /* cocos2d.m */ = {isa = PBXFileReference; lastKnownFileType = sourcecode.c.objc; name = cocos2d.m; path = libs/cocos2d/cocos2d.m; sourceTree = "<group>"; };
		B71703AD158E48A6006DEEC4 /* CCGL.h */ = {isa = PBXFileReference; lastKnownFileType = sourcecode.c.h; name = CCGL.h; path = libs/cocos2d/Platforms/CCGL.h; sourceTree = "<group>"; };
		B71703AE158E48A6006DEEC4 /* CCNS.h */ = {isa = PBXFileReference; lastKnownFileType = sourcecode.c.h; name = CCNS.h; path = libs/cocos2d/Platforms/CCNS.h; sourceTree = "<group>"; };
		B71703B0158E48A6006DEEC4 /* CCDirectorIOS.h */ = {isa = PBXFileReference; lastKnownFileType = sourcecode.c.h; name = CCDirectorIOS.h; path = libs/cocos2d/Platforms/iOS/CCDirectorIOS.h; sourceTree = "<group>"; };
		B71703B1158E48A6006DEEC4 /* CCDirectorIOS.m */ = {isa = PBXFileReference; lastKnownFileType = sourcecode.c.objc; name = CCDirectorIOS.m; path = libs/cocos2d/Platforms/iOS/CCDirectorIOS.m; sourceTree = "<group>"; };
		B71703B3158E48A6006DEEC4 /* CCTouchDelegateProtocol.h */ = {isa = PBXFileReference; lastKnownFileType = sourcecode.c.h; name = CCTouchDelegateProtocol.h; path = libs/cocos2d/Platforms/iOS/CCTouchDelegateProtocol.h; sourceTree = "<group>"; };
		B71703B4158E48A6006DEEC4 /* CCTouchDispatcher.h */ = {isa = PBXFileReference; lastKnownFileType = sourcecode.c.h; name = CCTouchDispatcher.h; path = libs/cocos2d/Platforms/iOS/CCTouchDispatcher.h; sourceTree = "<group>"; };
		B71703B5158E48A6006DEEC4 /* CCTouchDispatcher.m */ = {isa = PBXFileReference; lastKnownFileType = sourcecode.c.objc; name = CCTouchDispatcher.m; path = libs/cocos2d/Platforms/iOS/CCTouchDispatcher.m; sourceTree = "<group>"; };
		B71703B7158E48A6006DEEC4 /* CCTouchHandler.h */ = {isa = PBXFileReference; lastKnownFileType = sourcecode.c.h; name = CCTouchHandler.h; path = libs/cocos2d/Platforms/iOS/CCTouchHandler.h; sourceTree = "<group>"; };
		B71703B8158E48A6006DEEC4 /* CCTouchHandler.m */ = {isa = PBXFileReference; lastKnownFileType = sourcecode.c.objc; name = CCTouchHandler.m; path = libs/cocos2d/Platforms/iOS/CCTouchHandler.m; sourceTree = "<group>"; };
		B71703BA158E48A6006DEEC4 /* EAGLView.h */ = {isa = PBXFileReference; lastKnownFileType = sourcecode.c.h; name = EAGLView.h; path = libs/cocos2d/Platforms/iOS/EAGLView.h; sourceTree = "<group>"; };
		B71703BB158E48A6006DEEC4 /* EAGLView.m */ = {isa = PBXFileReference; lastKnownFileType = sourcecode.c.objc; name = EAGLView.m; path = libs/cocos2d/Platforms/iOS/EAGLView.m; sourceTree = "<group>"; };
		B71703BD158E48A6006DEEC4 /* ES1Renderer.h */ = {isa = PBXFileReference; lastKnownFileType = sourcecode.c.h; name = ES1Renderer.h; path = libs/cocos2d/Platforms/iOS/ES1Renderer.h; sourceTree = "<group>"; };
		B71703BE158E48A6006DEEC4 /* ES1Renderer.m */ = {isa = PBXFileReference; lastKnownFileType = sourcecode.c.objc; name = ES1Renderer.m; path = libs/cocos2d/Platforms/iOS/ES1Renderer.m; sourceTree = "<group>"; };
		B71703C0158E48A6006DEEC4 /* ESRenderer.h */ = {isa = PBXFileReference; lastKnownFileType = sourcecode.c.h; name = ESRenderer.h; path = libs/cocos2d/Platforms/iOS/ESRenderer.h; sourceTree = "<group>"; };
		B71703C1158E48A6006DEEC4 /* glu.c */ = {isa = PBXFileReference; lastKnownFileType = sourcecode.c.c; name = glu.c; path = libs/cocos2d/Platforms/iOS/glu.c; sourceTree = "<group>"; };
		B71703C3158E48A6006DEEC4 /* glu.h */ = {isa = PBXFileReference; lastKnownFileType = sourcecode.c.h; name = glu.h; path = libs/cocos2d/Platforms/iOS/glu.h; sourceTree = "<group>"; };
		B71703C5158E48A7006DEEC4 /* CCDirectorMac.h */ = {isa = PBXFileReference; lastKnownFileType = sourcecode.c.h; name = CCDirectorMac.h; path = libs/cocos2d/Platforms/Mac/CCDirectorMac.h; sourceTree = "<group>"; };
		B71703C6158E48A7006DEEC4 /* CCDirectorMac.m */ = {isa = PBXFileReference; lastKnownFileType = sourcecode.c.objc; name = CCDirectorMac.m; path = libs/cocos2d/Platforms/Mac/CCDirectorMac.m; sourceTree = "<group>"; };
		B71703C8158E48A7006DEEC4 /* CCEventDispatcher.h */ = {isa = PBXFileReference; lastKnownFileType = sourcecode.c.h; name = CCEventDispatcher.h; path = libs/cocos2d/Platforms/Mac/CCEventDispatcher.h; sourceTree = "<group>"; };
		B71703C9158E48A7006DEEC4 /* CCEventDispatcher.m */ = {isa = PBXFileReference; lastKnownFileType = sourcecode.c.objc; name = CCEventDispatcher.m; path = libs/cocos2d/Platforms/Mac/CCEventDispatcher.m; sourceTree = "<group>"; };
		B71703CB158E48A7006DEEC4 /* MacGLView.h */ = {isa = PBXFileReference; lastKnownFileType = sourcecode.c.h; name = MacGLView.h; path = libs/cocos2d/Platforms/Mac/MacGLView.h; sourceTree = "<group>"; };
		B71703CC158E48A7006DEEC4 /* MacGLView.m */ = {isa = PBXFileReference; lastKnownFileType = sourcecode.c.objc; name = MacGLView.m; path = libs/cocos2d/Platforms/Mac/MacGLView.m; sourceTree = "<group>"; };
		B71703CE158E48A7006DEEC4 /* MacWindow.h */ = {isa = PBXFileReference; lastKnownFileType = sourcecode.c.h; name = MacWindow.h; path = libs/cocos2d/Platforms/Mac/MacWindow.h; sourceTree = "<group>"; };
		B71703CF158E48A7006DEEC4 /* MacWindow.m */ = {isa = PBXFileReference; lastKnownFileType = sourcecode.c.objc; name = MacWindow.m; path = libs/cocos2d/Platforms/Mac/MacWindow.m; sourceTree = "<group>"; };
		B71703D2158E48A7006DEEC4 /* base64.c */ = {isa = PBXFileReference; lastKnownFileType = sourcecode.c.c; name = base64.c; path = libs/cocos2d/Support/base64.c; sourceTree = "<group>"; };
		B71703D4158E48A7006DEEC4 /* base64.h */ = {isa = PBXFileReference; lastKnownFileType = sourcecode.c.h; name = base64.h; path = libs/cocos2d/Support/base64.h; sourceTree = "<group>"; };
		B71703D5158E48A7006DEEC4 /* CCArray.h */ = {isa = PBXFileReference; lastKnownFileType = sourcecode.c.h; name = CCArray.h; path = libs/cocos2d/Support/CCArray.h; sourceTree = "<group>"; };
		B71703D6158E48A7006DEEC4 /* CCArray.m */ = {isa = PBXFileReference; lastKnownFileType = sourcecode.c.objc; name = CCArray.m; path = libs/cocos2d/Support/CCArray.m; sourceTree = "<group>"; };
		B71703D8158E48A7006DEEC4 /* ccCArray.h */ = {isa = PBXFileReference; lastKnownFileType = sourcecode.c.h; name = ccCArray.h; path = libs/cocos2d/Support/ccCArray.h; sourceTree = "<group>"; };
		B71703D9158E48A7006DEEC4 /* CCFileUtils.h */ = {isa = PBXFileReference; lastKnownFileType = sourcecode.c.h; name = CCFileUtils.h; path = libs/cocos2d/Support/CCFileUtils.h; sourceTree = "<group>"; };
		B71703DA158E48A7006DEEC4 /* CCFileUtils.m */ = {isa = PBXFileReference; lastKnownFileType = sourcecode.c.objc; name = CCFileUtils.m; path = libs/cocos2d/Support/CCFileUtils.m; sourceTree = "<group>"; };
		B71703DC158E48A7006DEEC4 /* CCProfiling.h */ = {isa = PBXFileReference; lastKnownFileType = sourcecode.c.h; name = CCProfiling.h; path = libs/cocos2d/Support/CCProfiling.h; sourceTree = "<group>"; };
		B71703DD158E48A7006DEEC4 /* CCProfiling.m */ = {isa = PBXFileReference; lastKnownFileType = sourcecode.c.objc; name = CCProfiling.m; path = libs/cocos2d/Support/CCProfiling.m; sourceTree = "<group>"; };
		B71703DF158E48A7006DEEC4 /* ccUtils.c */ = {isa = PBXFileReference; lastKnownFileType = sourcecode.c.c; name = ccUtils.c; path = libs/cocos2d/Support/ccUtils.c; sourceTree = "<group>"; };
		B71703E1158E48A7006DEEC4 /* ccUtils.h */ = {isa = PBXFileReference; lastKnownFileType = sourcecode.c.h; name = ccUtils.h; path = libs/cocos2d/Support/ccUtils.h; sourceTree = "<group>"; };
		B71703E2158E48A7006DEEC4 /* CGPointExtension.h */ = {isa = PBXFileReference; lastKnownFileType = sourcecode.c.h; name = CGPointExtension.h; path = libs/cocos2d/Support/CGPointExtension.h; sourceTree = "<group>"; };
		B71703E3158E48A7006DEEC4 /* CGPointExtension.m */ = {isa = PBXFileReference; lastKnownFileType = sourcecode.c.objc; name = CGPointExtension.m; path = libs/cocos2d/Support/CGPointExtension.m; sourceTree = "<group>"; };
		B71703E5158E48A7006DEEC4 /* OpenGL_Internal.h */ = {isa = PBXFileReference; lastKnownFileType = sourcecode.c.h; name = OpenGL_Internal.h; path = libs/cocos2d/Support/OpenGL_Internal.h; sourceTree = "<group>"; };
		B71703E6158E48A7006DEEC4 /* TGAlib.h */ = {isa = PBXFileReference; lastKnownFileType = sourcecode.c.h; name = TGAlib.h; path = libs/cocos2d/Support/TGAlib.h; sourceTree = "<group>"; };
		B71703E7158E48A7006DEEC4 /* TGAlib.m */ = {isa = PBXFileReference; lastKnownFileType = sourcecode.c.objc; name = TGAlib.m; path = libs/cocos2d/Support/TGAlib.m; sourceTree = "<group>"; };
		B71703E9158E48A7006DEEC4 /* TransformUtils.h */ = {isa = PBXFileReference; lastKnownFileType = sourcecode.c.h; name = TransformUtils.h; path = libs/cocos2d/Support/TransformUtils.h; sourceTree = "<group>"; };
		B71703EA158E48A7006DEEC4 /* TransformUtils.m */ = {isa = PBXFileReference; lastKnownFileType = sourcecode.c.objc; name = TransformUtils.m; path = libs/cocos2d/Support/TransformUtils.m; sourceTree = "<group>"; };
		B71703EC158E48A7006DEEC4 /* uthash.h */ = {isa = PBXFileReference; lastKnownFileType = sourcecode.c.h; name = uthash.h; path = libs/cocos2d/Support/uthash.h; sourceTree = "<group>"; };
		B71703ED158E48A7006DEEC4 /* utlist.h */ = {isa = PBXFileReference; lastKnownFileType = sourcecode.c.h; name = utlist.h; path = libs/cocos2d/Support/utlist.h; sourceTree = "<group>"; };
		B71703EE158E48A7006DEEC4 /* ZipUtils.h */ = {isa = PBXFileReference; lastKnownFileType = sourcecode.c.h; name = ZipUtils.h; path = libs/cocos2d/Support/ZipUtils.h; sourceTree = "<group>"; };
		B71703EF158E48A7006DEEC4 /* ZipUtils.m */ = {isa = PBXFileReference; lastKnownFileType = sourcecode.c.objc; name = ZipUtils.m; path = libs/cocos2d/Support/ZipUtils.m; sourceTree = "<group>"; };
		B71703F1158E48A7006DEEC4 /* LICENSE_cocos2d.txt */ = {isa = PBXFileReference; lastKnownFileType = text; name = LICENSE_cocos2d.txt; path = libs/LICENSE_cocos2d.txt; sourceTree = "<group>"; };
		B71703F3158E48A7006DEEC4 /* CDAudioManager.h */ = {isa = PBXFileReference; lastKnownFileType = sourcecode.c.h; name = CDAudioManager.h; path = libs/CocosDenshion/CDAudioManager.h; sourceTree = "<group>"; };
		B71703F4158E48A7006DEEC4 /* CDAudioManager.m */ = {isa = PBXFileReference; lastKnownFileType = sourcecode.c.objc; name = CDAudioManager.m; path = libs/CocosDenshion/CDAudioManager.m; sourceTree = "<group>"; };
		B71703F6158E48A7006DEEC4 /* CDConfig.h */ = {isa = PBXFileReference; lastKnownFileType = sourcecode.c.h; name = CDConfig.h; path = libs/CocosDenshion/CDConfig.h; sourceTree = "<group>"; };
		B71703F7158E48A7006DEEC4 /* CDOpenALSupport.h */ = {isa = PBXFileReference; lastKnownFileType = sourcecode.c.h; name = CDOpenALSupport.h; path = libs/CocosDenshion/CDOpenALSupport.h; sourceTree = "<group>"; };
		B71703F8158E48A7006DEEC4 /* CDOpenALSupport.m */ = {isa = PBXFileReference; lastKnownFileType = sourcecode.c.objc; name = CDOpenALSupport.m; path = libs/CocosDenshion/CDOpenALSupport.m; sourceTree = "<group>"; };
		B71703FA158E48A7006DEEC4 /* CocosDenshion.h */ = {isa = PBXFileReference; lastKnownFileType = sourcecode.c.h; name = CocosDenshion.h; path = libs/CocosDenshion/CocosDenshion.h; sourceTree = "<group>"; };
		B71703FB158E48A7006DEEC4 /* CocosDenshion.m */ = {isa = PBXFileReference; lastKnownFileType = sourcecode.c.objc; name = CocosDenshion.m; path = libs/CocosDenshion/CocosDenshion.m; sourceTree = "<group>"; };
		B71703FD158E48A7006DEEC4 /* SimpleAudioEngine.h */ = {isa = PBXFileReference; lastKnownFileType = sourcecode.c.h; name = SimpleAudioEngine.h; path = libs/CocosDenshion/SimpleAudioEngine.h; sourceTree = "<group>"; };
		B71703FE158E48A7006DEEC4 /* SimpleAudioEngine.m */ = {isa = PBXFileReference; lastKnownFileType = sourcecode.c.objc; name = SimpleAudioEngine.m; path = libs/CocosDenshion/SimpleAudioEngine.m; sourceTree = "<group>"; };
		B7170400158E48A7006DEEC4 /* LICENSE_CocosDenshion.txt */ = {isa = PBXFileReference; lastKnownFileType = text; name = LICENSE_CocosDenshion.txt; path = libs/LICENSE_CocosDenshion.txt; sourceTree = "<group>"; };
		B7170402158E48A7006DEEC4 /* CLScoreServerPost.h */ = {isa = PBXFileReference; lastKnownFileType = sourcecode.c.h; name = CLScoreServerPost.h; path = libs/cocoslive/CLScoreServerPost.h; sourceTree = "<group>"; };
		B7170403158E48A7006DEEC4 /* CLScoreServerPost.m */ = {isa = PBXFileReference; lastKnownFileType = sourcecode.c.objc; name = CLScoreServerPost.m; path = libs/cocoslive/CLScoreServerPost.m; sourceTree = "<group>"; };
		B7170405158E48A7006DEEC4 /* CLScoreServerRequest.h */ = {isa = PBXFileReference; lastKnownFileType = sourcecode.c.h; name = CLScoreServerRequest.h; path = libs/cocoslive/CLScoreServerRequest.h; sourceTree = "<group>"; };
		B7170406158E48A7006DEEC4 /* CLScoreServerRequest.m */ = {isa = PBXFileReference; lastKnownFileType = sourcecode.c.objc; name = CLScoreServerRequest.m; path = libs/cocoslive/CLScoreServerRequest.m; sourceTree = "<group>"; };
		B7170408158E48A7006DEEC4 /* cocoslive.h */ = {isa = PBXFileReference; lastKnownFileType = sourcecode.c.h; name = cocoslive.h; path = libs/cocoslive/cocoslive.h; sourceTree = "<group>"; };
		B7170409158E48A7006DEEC4 /* cocoslive.m */ = {isa = PBXFileReference; lastKnownFileType = sourcecode.c.objc; name = cocoslive.m; path = libs/cocoslive/cocoslive.m; sourceTree = "<group>"; };
		B717040B158E48A7006DEEC4 /* LICENSE_TouchJSON.txt */ = {isa = PBXFileReference; lastKnownFileType = text; name = LICENSE_TouchJSON.txt; path = libs/LICENSE_TouchJSON.txt; sourceTree = "<group>"; };
		B717040D158E48A7006DEEC4 /* CDataScanner.h */ = {isa = PBXFileReference; lastKnownFileType = sourcecode.c.h; name = CDataScanner.h; path = libs/TouchJSON/CDataScanner.h; sourceTree = "<group>"; };
		B717040E158E48A7006DEEC4 /* CDataScanner.m */ = {isa = PBXFileReference; lastKnownFileType = sourcecode.c.objc; name = CDataScanner.m; path = libs/TouchJSON/CDataScanner.m; sourceTree = "<group>"; };
		B7170411158E48A7006DEEC4 /* CDataScanner_Extensions.h */ = {isa = PBXFileReference; lastKnownFileType = sourcecode.c.h; name = CDataScanner_Extensions.h; path = libs/TouchJSON/Extensions/CDataScanner_Extensions.h; sourceTree = "<group>"; };
		B7170412158E48A7006DEEC4 /* CDataScanner_Extensions.m */ = {isa = PBXFileReference; lastKnownFileType = sourcecode.c.objc; name = CDataScanner_Extensions.m; path = libs/TouchJSON/Extensions/CDataScanner_Extensions.m; sourceTree = "<group>"; };
		B7170414158E48A7006DEEC4 /* NSDictionary_JSONExtensions.h */ = {isa = PBXFileReference; lastKnownFileType = sourcecode.c.h; name = NSDictionary_JSONExtensions.h; path = libs/TouchJSON/Extensions/NSDictionary_JSONExtensions.h; sourceTree = "<group>"; };
		B7170415158E48A7006DEEC4 /* NSDictionary_JSONExtensions.m */ = {isa = PBXFileReference; lastKnownFileType = sourcecode.c.objc; name = NSDictionary_JSONExtensions.m; path = libs/TouchJSON/Extensions/NSDictionary_JSONExtensions.m; sourceTree = "<group>"; };
		B7170418158E48A7006DEEC4 /* CJSONDeserializer.h */ = {isa = PBXFileReference; lastKnownFileType = sourcecode.c.h; name = CJSONDeserializer.h; path = libs/TouchJSON/JSON/CJSONDeserializer.h; sourceTree = "<group>"; };
		B7170419158E48A7006DEEC4 /* CJSONDeserializer.m */ = {isa = PBXFileReference; lastKnownFileType = sourcecode.c.objc; name = CJSONDeserializer.m; path = libs/TouchJSON/JSON/CJSONDeserializer.m; sourceTree = "<group>"; };
		B717041B158E48A7006DEEC4 /* CJSONScanner.h */ = {isa = PBXFileReference; lastKnownFileType = sourcecode.c.h; name = CJSONScanner.h; path = libs/TouchJSON/JSON/CJSONScanner.h; sourceTree = "<group>"; };
		B717041C158E48A7006DEEC4 /* CJSONScanner.m */ = {isa = PBXFileReference; lastKnownFileType = sourcecode.c.objc; name = CJSONScanner.m; path = libs/TouchJSON/JSON/CJSONScanner.m; sourceTree = "<group>"; };
		B717041E158E48A7006DEEC4 /* CJSONSerializer.h */ = {isa = PBXFileReference; lastKnownFileType = sourcecode.c.h; name = CJSONSerializer.h; path = libs/TouchJSON/JSON/CJSONSerializer.h; sourceTree = "<group>"; };
		B717041F158E48A7006DEEC4 /* CJSONSerializer.m */ = {isa = PBXFileReference; lastKnownFileType = sourcecode.c.objc; name = CJSONSerializer.m; path = libs/TouchJSON/JSON/CJSONSerializer.m; sourceTree = "<group>"; };
		B7170421158E48A7006DEEC4 /* JSONRepresentation.h */ = {isa = PBXFileReference; lastKnownFileType = sourcecode.c.h; name = JSONRepresentation.h; path = libs/TouchJSON/JSON/JSONRepresentation.h; sourceTree = "<group>"; };
		B7170423158E48A7006DEEC4 /* FontLabel.h */ = {isa = PBXFileReference; lastKnownFileType = sourcecode.c.h; name = FontLabel.h; path = libs/FontLabel/FontLabel.h; sourceTree = "<group>"; };
		B7170424158E48A7006DEEC4 /* FontLabel.m */ = {isa = PBXFileReference; lastKnownFileType = sourcecode.c.objc; name = FontLabel.m; path = libs/FontLabel/FontLabel.m; sourceTree = "<group>"; };
		B7170426158E48A7006DEEC4 /* FontLabelStringDrawing.h */ = {isa = PBXFileReference; lastKnownFileType = sourcecode.c.h; name = FontLabelStringDrawing.h; path = libs/FontLabel/FontLabelStringDrawing.h; sourceTree = "<group>"; };
		B7170427158E48A7006DEEC4 /* FontLabelStringDrawing.m */ = {isa = PBXFileReference; lastKnownFileType = sourcecode.c.objc; name = FontLabelStringDrawing.m; path = libs/FontLabel/FontLabelStringDrawing.m; sourceTree = "<group>"; };
		B7170429158E48A7006DEEC4 /* FontManager.h */ = {isa = PBXFileReference; lastKnownFileType = sourcecode.c.h; name = FontManager.h; path = libs/FontLabel/FontManager.h; sourceTree = "<group>"; };
		B717042A158E48A7006DEEC4 /* FontManager.m */ = {isa = PBXFileReference; lastKnownFileType = sourcecode.c.objc; name = FontManager.m; path = libs/FontLabel/FontManager.m; sourceTree = "<group>"; };
		B717042C158E48A7006DEEC4 /* ZAttributedString.h */ = {isa = PBXFileReference; lastKnownFileType = sourcecode.c.h; name = ZAttributedString.h; path = libs/FontLabel/ZAttributedString.h; sourceTree = "<group>"; };
		B717042D158E48A7006DEEC4 /* ZAttributedString.m */ = {isa = PBXFileReference; lastKnownFileType = sourcecode.c.objc; name = ZAttributedString.m; path = libs/FontLabel/ZAttributedString.m; sourceTree = "<group>"; };
		B717042F158E48A7006DEEC4 /* ZAttributedStringPrivate.h */ = {isa = PBXFileReference; lastKnownFileType = sourcecode.c.h; name = ZAttributedStringPrivate.h; path = libs/FontLabel/ZAttributedStringPrivate.h; sourceTree = "<group>"; };
		B7170430158E48A7006DEEC4 /* ZFont.h */ = {isa = PBXFileReference; lastKnownFileType = sourcecode.c.h; name = ZFont.h; path = libs/FontLabel/ZFont.h; sourceTree = "<group>"; };
		B7170431158E48A7006DEEC4 /* ZFont.m */ = {isa = PBXFileReference; lastKnownFileType = sourcecode.c.objc; name = ZFont.m; path = libs/FontLabel/ZFont.m; sourceTree = "<group>"; };
		B7170433158E48A7006DEEC4 /* LICENSE_FontLabel.txt */ = {isa = PBXFileReference; lastKnownFileType = text; name = LICENSE_FontLabel.txt; path = libs/LICENSE_FontLabel.txt; sourceTree = "<group>"; };
		B7170435158E48A7006DEEC4 /* Prefix.pch */ = {isa = PBXFileReference; lastKnownFileType = sourcecode.c.h; path = Prefix.pch; sourceTree = "<group>"; };
		B7170436158E48A7006DEEC4 /* main.m */ = {isa = PBXFileReference; lastKnownFileType = sourcecode.c.objc; path = main.m; sourceTree = "<group>"; };
		B7170438158E48A7006DEEC4 /* AppDelegate.h */ = {isa = PBXFileReference; lastKnownFileType = sourcecode.c.h; path = AppDelegate.h; sourceTree = "<group>"; };
		B7170439158E48A8006DEEC4 /* AppDelegate.m */ = {isa = PBXFileReference; lastKnownFileType = sourcecode.c.objc; path = AppDelegate.m; sourceTree = "<group>"; };
		B717043B158E48A8006DEEC4 /* RootViewController.h */ = {isa = PBXFileReference; lastKnownFileType = sourcecode.c.h; path = RootViewController.h; sourceTree = "<group>"; };
		B717043C158E48A8006DEEC4 /* RootViewController.m */ = {isa = PBXFileReference; lastKnownFileType = sourcecode.c.objc; path = RootViewController.m; sourceTree = "<group>"; };
		B717043E158E48A8006DEEC4 /* HelloWorldLayer.h */ = {isa = PBXFileReference; lastKnownFileType = sourcecode.c.h; path = HelloWorldLayer.h; sourceTree = "<group>"; };
		B717043F158E48A8006DEEC4 /* HelloWorldLayer.m */ = {isa = PBXFileReference; lastKnownFileType = sourcecode.c.objc; path = HelloWorldLayer.m; sourceTree = "<group>"; };
		B7170441158E48A8006DEEC4 /* GameConfig.h */ = {isa = PBXFileReference; lastKnownFileType = sourcecode.c.h; path = GameConfig.h; sourceTree = "<group>"; };
		B7666C82158E735000AED88B /* liv_0.png */ = {isa = PBXFileReference; lastKnownFileType = image.png; path = liv_0.png; sourceTree = "<group>"; };
		B7666C83158E735000AED88B /* liv_1.png */ = {isa = PBXFileReference; lastKnownFileType = image.png; path = liv_1.png; sourceTree = "<group>"; };
		B7666C84158E735000AED88B /* liv_2.png */ = {isa = PBXFileReference; lastKnownFileType = image.png; path = liv_2.png; sourceTree = "<group>"; };
		B7666C85158E735000AED88B /* liv_3.png */ = {isa = PBXFileReference; lastKnownFileType = image.png; path = liv_3.png; sourceTree = "<group>"; };
		B7666C86158E735000AED88B /* liv_0-hd.png */ = {isa = PBXFileReference; lastKnownFileType = image.png; path = "liv_0-hd.png"; sourceTree = "<group>"; };
		B7666C87158E735000AED88B /* liv_1-hd.png */ = {isa = PBXFileReference; lastKnownFileType = image.png; path = "liv_1-hd.png"; sourceTree = "<group>"; };
		B7666C88158E735000AED88B /* liv_2-hd.png */ = {isa = PBXFileReference; lastKnownFileType = image.png; path = "liv_2-hd.png"; sourceTree = "<group>"; };
		B7666C89158E735000AED88B /* liv_3-hd.png */ = {isa = PBXFileReference; lastKnownFileType = image.png; path = "liv_3-hd.png"; sourceTree = "<group>"; };
/* End PBXFileReference section */

/* Begin PBXFrameworksBuildPhase section */
		B71702CF158E48A4006DEEC4 /* Frameworks */ = {
			isa = PBXFrameworksBuildPhase;
			buildActionMask = 2147483647;
			files = (
				B71702D7158E48A4006DEEC4 /* QuartzCore.framework in Frameworks */,
				B71702D9158E48A4006DEEC4 /* OpenGLES.framework in Frameworks */,
				B71702DB158E48A4006DEEC4 /* OpenAL.framework in Frameworks */,
				B71702DD158E48A4006DEEC4 /* AudioToolbox.framework in Frameworks */,
				B71702DF158E48A4006DEEC4 /* AVFoundation.framework in Frameworks */,
				B71702E1158E48A4006DEEC4 /* UIKit.framework in Frameworks */,
				B71702E3158E48A4006DEEC4 /* Foundation.framework in Frameworks */,
				B71702E5158E48A4006DEEC4 /* CoreGraphics.framework in Frameworks */,
			);
			runOnlyForDeploymentPostprocessing = 0;
		};
/* End PBXFrameworksBuildPhase section */

/* Begin PBXGroup section */
		B71702C7158E48A2006DEEC4 = {
			isa = PBXGroup;
			children = (
				B7666C82158E735000AED88B /* liv_0.png */,
				B7666C83158E735000AED88B /* liv_1.png */,
				B7666C84158E735000AED88B /* liv_2.png */,
				B7666C85158E735000AED88B /* liv_3.png */,
				B7666C86158E735000AED88B /* liv_0-hd.png */,
				B7666C87158E735000AED88B /* liv_1-hd.png */,
				B7666C88158E735000AED88B /* liv_2-hd.png */,
				B7666C89158E735000AED88B /* liv_3-hd.png */,
				B71702E6158E48A4006DEEC4 /* learnParallax */,
				B71702D5158E48A4006DEEC4 /* Frameworks */,
				B71702D3158E48A4006DEEC4 /* Products */,
			);
			sourceTree = "<group>";
		};
		B71702D3158E48A4006DEEC4 /* Products */ = {
			isa = PBXGroup;
			children = (
				B71702D2158E48A4006DEEC4 /* learnParallax.app */,
			);
			name = Products;
			sourceTree = "<group>";
		};
		B71702D5158E48A4006DEEC4 /* Frameworks */ = {
			isa = PBXGroup;
			children = (
				B71702D6158E48A4006DEEC4 /* QuartzCore.framework */,
				B71702D8158E48A4006DEEC4 /* OpenGLES.framework */,
				B71702DA158E48A4006DEEC4 /* OpenAL.framework */,
				B71702DC158E48A4006DEEC4 /* AudioToolbox.framework */,
				B71702DE158E48A4006DEEC4 /* AVFoundation.framework */,
				B71702E0158E48A4006DEEC4 /* UIKit.framework */,
				B71702E2158E48A4006DEEC4 /* Foundation.framework */,
				B71702E4158E48A4006DEEC4 /* CoreGraphics.framework */,
			);
			name = Frameworks;
			sourceTree = "<group>";
		};
		B71702E6158E48A4006DEEC4 /* learnParallax */ = {
			isa = PBXGroup;
			children = (
				B7170438158E48A7006DEEC4 /* AppDelegate.h */,
				B7170439158E48A8006DEEC4 /* AppDelegate.m */,
				B717043B158E48A8006DEEC4 /* RootViewController.h */,
				B717043C158E48A8006DEEC4 /* RootViewController.m */,
				B717043E158E48A8006DEEC4 /* HelloWorldLayer.h */,
				B717043F158E48A8006DEEC4 /* HelloWorldLayer.m */,
				B7170441158E48A8006DEEC4 /* GameConfig.h */,
				B71702E7158E48A4006DEEC4 /* Resources */,
				B71702FB158E48A4006DEEC4 /* libs */,
				B7170434158E48A7006DEEC4 /* Supporting Files */,
			);
			path = learnParallax;
			sourceTree = "<group>";
		};
		B71702E7158E48A4006DEEC4 /* Resources */ = {
			isa = PBXGroup;
			children = (
				B71702E8158E48A4006DEEC4 /* Default.png */,
				B71702EA158E48A4006DEEC4 /* fps_images.png */,
				B71702EC158E48A4006DEEC4 /* Icon-72.png */,
				B71702EE158E48A4006DEEC4 /* Icon-Small-50.png */,
				B71702F0158E48A4006DEEC4 /* Icon-Small.png */,
				B71702F2158E48A4006DEEC4 /* Icon-Small@2x.png */,
				B71702F4158E48A4006DEEC4 /* Icon.png */,
				B71702F6158E48A4006DEEC4 /* Icon@2x.png */,
				B71702F8158E48A4006DEEC4 /* Info.plist */,
				B71702F9158E48A4006DEEC4 /* iTunesArtwork */,
			);
			name = Resources;
			sourceTree = "<group>";
		};
		B71702FB158E48A4006DEEC4 /* libs */ = {
			isa = PBXGroup;
			children = (
				B71703F1158E48A7006DEEC4 /* LICENSE_cocos2d.txt */,
				B7170400158E48A7006DEEC4 /* LICENSE_CocosDenshion.txt */,
				B717040B158E48A7006DEEC4 /* LICENSE_TouchJSON.txt */,
				B7170433158E48A7006DEEC4 /* LICENSE_FontLabel.txt */,
				B71702FC158E48A4006DEEC4 /* cocos2d */,
				B71703F2158E48A7006DEEC4 /* CocosDenshion */,
				B7170401158E48A7006DEEC4 /* cocoslive */,
				B717040C158E48A7006DEEC4 /* TouchJSON */,
				B7170422158E48A7006DEEC4 /* FontLabel */,
			);
			name = libs;
			sourceTree = "<group>";
		};
		B71702FC158E48A4006DEEC4 /* cocos2d */ = {
			isa = PBXGroup;
			children = (
				B71702FD158E48A4006DEEC4 /* CCAction.h */,
				B71702FE158E48A4006DEEC4 /* CCAction.m */,
				B7170300158E48A4006DEEC4 /* CCActionCamera.h */,
				B7170301158E48A4006DEEC4 /* CCActionCamera.m */,
				B7170303158E48A4006DEEC4 /* CCActionEase.h */,
				B7170304158E48A4006DEEC4 /* CCActionEase.m */,
				B7170306158E48A4006DEEC4 /* CCActionGrid.h */,
				B7170307158E48A4006DEEC4 /* CCActionGrid.m */,
				B7170309158E48A4006DEEC4 /* CCActionGrid3D.h */,
				B717030A158E48A4006DEEC4 /* CCActionGrid3D.m */,
				B717030C158E48A4006DEEC4 /* CCActionInstant.h */,
				B717030D158E48A4006DEEC4 /* CCActionInstant.m */,
				B717030F158E48A4006DEEC4 /* CCActionInterval.h */,
				B7170310158E48A4006DEEC4 /* CCActionInterval.m */,
				B7170312158E48A4006DEEC4 /* CCActionManager.h */,
				B7170313158E48A4006DEEC4 /* CCActionManager.m */,
				B7170315158E48A4006DEEC4 /* CCActionPageTurn3D.h */,
				B7170316158E48A4006DEEC4 /* CCActionPageTurn3D.m */,
				B7170318158E48A4006DEEC4 /* CCActionProgressTimer.h */,
				B7170319158E48A4006DEEC4 /* CCActionProgressTimer.m */,
				B717031B158E48A4006DEEC4 /* CCActionTiledGrid.h */,
				B717031C158E48A4006DEEC4 /* CCActionTiledGrid.m */,
				B717031E158E48A4006DEEC4 /* CCActionTween.h */,
				B717031F158E48A4006DEEC4 /* CCActionTween.m */,
				B7170321158E48A4006DEEC4 /* CCAnimation.h */,
				B7170322158E48A4006DEEC4 /* CCAnimation.m */,
				B7170324158E48A4006DEEC4 /* CCAnimationCache.h */,
				B7170325158E48A4006DEEC4 /* CCAnimationCache.m */,
				B7170327158E48A4006DEEC4 /* CCAtlasNode.h */,
				B7170328158E48A4006DEEC4 /* CCAtlasNode.m */,
				B717032A158E48A4006DEEC4 /* CCBlockSupport.h */,
				B717032B158E48A4006DEEC4 /* CCBlockSupport.m */,
				B717032D158E48A4006DEEC4 /* CCCamera.h */,
				B717032E158E48A4006DEEC4 /* CCCamera.m */,
				B7170330158E48A4006DEEC4 /* ccConfig.h */,
				B7170331158E48A4006DEEC4 /* CCConfiguration.h */,
				B7170332158E48A4006DEEC4 /* CCConfiguration.m */,
				B7170334158E48A4006DEEC4 /* CCDirector.h */,
				B7170335158E48A5006DEEC4 /* CCDirector.m */,
				B7170337158E48A5006DEEC4 /* CCDrawingPrimitives.h */,
				B7170338158E48A5006DEEC4 /* CCDrawingPrimitives.m */,
				B717033A158E48A5006DEEC4 /* CCGrabber.h */,
				B717033B158E48A5006DEEC4 /* CCGrabber.m */,
				B717033D158E48A5006DEEC4 /* CCGrid.h */,
				B717033E158E48A5006DEEC4 /* CCGrid.m */,
				B7170340158E48A5006DEEC4 /* CCLabelAtlas.h */,
				B7170341158E48A5006DEEC4 /* CCLabelAtlas.m */,
				B7170343158E48A5006DEEC4 /* CCLabelBMFont.h */,
				B7170344158E48A5006DEEC4 /* CCLabelBMFont.m */,
				B7170346158E48A5006DEEC4 /* CCLabelTTF.h */,
				B7170347158E48A5006DEEC4 /* CCLabelTTF.m */,
				B7170349158E48A5006DEEC4 /* CCLayer.h */,
				B717034A158E48A5006DEEC4 /* CCLayer.m */,
				B717034C158E48A5006DEEC4 /* ccMacros.h */,
				B717034D158E48A5006DEEC4 /* CCMenu.h */,
				B717034E158E48A5006DEEC4 /* CCMenu.m */,
				B7170350158E48A5006DEEC4 /* CCMenuItem.h */,
				B7170351158E48A5006DEEC4 /* CCMenuItem.m */,
				B7170353158E48A5006DEEC4 /* CCMotionStreak.h */,
				B7170354158E48A5006DEEC4 /* CCMotionStreak.m */,
				B7170356158E48A5006DEEC4 /* CCNode.h */,
				B7170357158E48A5006DEEC4 /* CCNode.m */,
				B7170359158E48A5006DEEC4 /* CCParallaxNode.h */,
				B717035A158E48A5006DEEC4 /* CCParallaxNode.m */,
				B717035C158E48A5006DEEC4 /* CCParticleExamples.h */,
				B717035D158E48A5006DEEC4 /* CCParticleExamples.m */,
				B717035F158E48A5006DEEC4 /* CCParticleSystem.h */,
				B7170360158E48A5006DEEC4 /* CCParticleSystem.m */,
				B7170362158E48A5006DEEC4 /* CCParticleSystemPoint.h */,
				B7170363158E48A5006DEEC4 /* CCParticleSystemPoint.m */,
				B7170365158E48A5006DEEC4 /* CCParticleSystemQuad.h */,
				B7170366158E48A5006DEEC4 /* CCParticleSystemQuad.m */,
				B7170368158E48A5006DEEC4 /* CCProgressTimer.h */,
				B7170369158E48A5006DEEC4 /* CCProgressTimer.m */,
				B717036B158E48A5006DEEC4 /* CCProtocols.h */,
				B717036C158E48A6006DEEC4 /* CCRenderTexture.h */,
				B717036D158E48A6006DEEC4 /* CCRenderTexture.m */,
				B717036F158E48A6006DEEC4 /* CCRibbon.h */,
				B7170370158E48A6006DEEC4 /* CCRibbon.m */,
				B7170372158E48A6006DEEC4 /* CCScene.h */,
				B7170373158E48A6006DEEC4 /* CCScene.m */,
				B7170375158E48A6006DEEC4 /* CCScheduler.h */,
				B7170376158E48A6006DEEC4 /* CCScheduler.m */,
				B7170378158E48A6006DEEC4 /* CCSprite.h */,
				B7170379158E48A6006DEEC4 /* CCSprite.m */,
				B717037B158E48A6006DEEC4 /* CCSpriteBatchNode.h */,
				B717037C158E48A6006DEEC4 /* CCSpriteBatchNode.m */,
				B717037E158E48A6006DEEC4 /* CCSpriteFrame.h */,
				B717037F158E48A6006DEEC4 /* CCSpriteFrame.m */,
				B7170381158E48A6006DEEC4 /* CCSpriteFrameCache.h */,
				B7170382158E48A6006DEEC4 /* CCSpriteFrameCache.m */,
				B7170384158E48A6006DEEC4 /* CCTexture2D.h */,
				B7170385158E48A6006DEEC4 /* CCTexture2D.m */,
				B7170387158E48A6006DEEC4 /* CCTextureAtlas.h */,
				B7170388158E48A6006DEEC4 /* CCTextureAtlas.m */,
				B717038A158E48A6006DEEC4 /* CCTextureCache.h */,
				B717038B158E48A6006DEEC4 /* CCTextureCache.m */,
				B717038D158E48A6006DEEC4 /* CCTexturePVR.h */,
				B717038E158E48A6006DEEC4 /* CCTexturePVR.m */,
				B7170390158E48A6006DEEC4 /* CCTileMapAtlas.h */,
				B7170391158E48A6006DEEC4 /* CCTileMapAtlas.m */,
				B7170393158E48A6006DEEC4 /* CCTMXLayer.h */,
				B7170394158E48A6006DEEC4 /* CCTMXLayer.m */,
				B7170396158E48A6006DEEC4 /* CCTMXObjectGroup.h */,
				B7170397158E48A6006DEEC4 /* CCTMXObjectGroup.m */,
				B7170399158E48A6006DEEC4 /* CCTMXTiledMap.h */,
				B717039A158E48A6006DEEC4 /* CCTMXTiledMap.m */,
				B717039C158E48A6006DEEC4 /* CCTMXXMLParser.h */,
				B717039D158E48A6006DEEC4 /* CCTMXXMLParser.m */,
				B717039F158E48A6006DEEC4 /* CCTransition.h */,
				B71703A0158E48A6006DEEC4 /* CCTransition.m */,
				B71703A2158E48A6006DEEC4 /* CCTransitionPageTurn.h */,
				B71703A3158E48A6006DEEC4 /* CCTransitionPageTurn.m */,
				B71703A5158E48A6006DEEC4 /* CCTransitionRadial.h */,
				B71703A6158E48A6006DEEC4 /* CCTransitionRadial.m */,
				B71703A8158E48A6006DEEC4 /* ccTypes.h */,
				B71703A9158E48A6006DEEC4 /* cocos2d.h */,
				B71703AA158E48A6006DEEC4 /* cocos2d.m */,
				B71703AC158E48A6006DEEC4 /* Platforms */,
				B71703D1158E48A7006DEEC4 /* Support */,
			);
			name = cocos2d;
			sourceTree = "<group>";
		};
		B71703AC158E48A6006DEEC4 /* Platforms */ = {
			isa = PBXGroup;
			children = (
				B71703AD158E48A6006DEEC4 /* CCGL.h */,
				B71703AE158E48A6006DEEC4 /* CCNS.h */,
				B71703AF158E48A6006DEEC4 /* iOS */,
				B71703C4158E48A7006DEEC4 /* Mac */,
			);
			name = Platforms;
			sourceTree = "<group>";
		};
		B71703AF158E48A6006DEEC4 /* iOS */ = {
			isa = PBXGroup;
			children = (
				B71703B0158E48A6006DEEC4 /* CCDirectorIOS.h */,
				B71703B1158E48A6006DEEC4 /* CCDirectorIOS.m */,
				B71703B3158E48A6006DEEC4 /* CCTouchDelegateProtocol.h */,
				B71703B4158E48A6006DEEC4 /* CCTouchDispatcher.h */,
				B71703B5158E48A6006DEEC4 /* CCTouchDispatcher.m */,
				B71703B7158E48A6006DEEC4 /* CCTouchHandler.h */,
				B71703B8158E48A6006DEEC4 /* CCTouchHandler.m */,
				B71703BA158E48A6006DEEC4 /* EAGLView.h */,
				B71703BB158E48A6006DEEC4 /* EAGLView.m */,
				B71703BD158E48A6006DEEC4 /* ES1Renderer.h */,
				B71703BE158E48A6006DEEC4 /* ES1Renderer.m */,
				B71703C0158E48A6006DEEC4 /* ESRenderer.h */,
				B71703C1158E48A6006DEEC4 /* glu.c */,
				B71703C3158E48A6006DEEC4 /* glu.h */,
			);
			name = iOS;
			sourceTree = "<group>";
		};
		B71703C4158E48A7006DEEC4 /* Mac */ = {
			isa = PBXGroup;
			children = (
				B71703C5158E48A7006DEEC4 /* CCDirectorMac.h */,
				B71703C6158E48A7006DEEC4 /* CCDirectorMac.m */,
				B71703C8158E48A7006DEEC4 /* CCEventDispatcher.h */,
				B71703C9158E48A7006DEEC4 /* CCEventDispatcher.m */,
				B71703CB158E48A7006DEEC4 /* MacGLView.h */,
				B71703CC158E48A7006DEEC4 /* MacGLView.m */,
				B71703CE158E48A7006DEEC4 /* MacWindow.h */,
				B71703CF158E48A7006DEEC4 /* MacWindow.m */,
			);
			name = Mac;
			sourceTree = "<group>";
		};
		B71703D1158E48A7006DEEC4 /* Support */ = {
			isa = PBXGroup;
			children = (
				B71703D2158E48A7006DEEC4 /* base64.c */,
				B71703D4158E48A7006DEEC4 /* base64.h */,
				B71703D5158E48A7006DEEC4 /* CCArray.h */,
				B71703D6158E48A7006DEEC4 /* CCArray.m */,
				B71703D8158E48A7006DEEC4 /* ccCArray.h */,
				B71703D9158E48A7006DEEC4 /* CCFileUtils.h */,
				B71703DA158E48A7006DEEC4 /* CCFileUtils.m */,
				B71703DC158E48A7006DEEC4 /* CCProfiling.h */,
				B71703DD158E48A7006DEEC4 /* CCProfiling.m */,
				B71703DF158E48A7006DEEC4 /* ccUtils.c */,
				B71703E1158E48A7006DEEC4 /* ccUtils.h */,
				B71703E2158E48A7006DEEC4 /* CGPointExtension.h */,
				B71703E3158E48A7006DEEC4 /* CGPointExtension.m */,
				B71703E5158E48A7006DEEC4 /* OpenGL_Internal.h */,
				B71703E6158E48A7006DEEC4 /* TGAlib.h */,
				B71703E7158E48A7006DEEC4 /* TGAlib.m */,
				B71703E9158E48A7006DEEC4 /* TransformUtils.h */,
				B71703EA158E48A7006DEEC4 /* TransformUtils.m */,
				B71703EC158E48A7006DEEC4 /* uthash.h */,
				B71703ED158E48A7006DEEC4 /* utlist.h */,
				B71703EE158E48A7006DEEC4 /* ZipUtils.h */,
				B71703EF158E48A7006DEEC4 /* ZipUtils.m */,
			);
			name = Support;
			sourceTree = "<group>";
		};
		B71703F2158E48A7006DEEC4 /* CocosDenshion */ = {
			isa = PBXGroup;
			children = (
				B71703F3158E48A7006DEEC4 /* CDAudioManager.h */,
				B71703F4158E48A7006DEEC4 /* CDAudioManager.m */,
				B71703F6158E48A7006DEEC4 /* CDConfig.h */,
				B71703F7158E48A7006DEEC4 /* CDOpenALSupport.h */,
				B71703F8158E48A7006DEEC4 /* CDOpenALSupport.m */,
				B71703FA158E48A7006DEEC4 /* CocosDenshion.h */,
				B71703FB158E48A7006DEEC4 /* CocosDenshion.m */,
				B71703FD158E48A7006DEEC4 /* SimpleAudioEngine.h */,
				B71703FE158E48A7006DEEC4 /* SimpleAudioEngine.m */,
			);
			name = CocosDenshion;
			sourceTree = "<group>";
		};
		B7170401158E48A7006DEEC4 /* cocoslive */ = {
			isa = PBXGroup;
			children = (
				B7170402158E48A7006DEEC4 /* CLScoreServerPost.h */,
				B7170403158E48A7006DEEC4 /* CLScoreServerPost.m */,
				B7170405158E48A7006DEEC4 /* CLScoreServerRequest.h */,
				B7170406158E48A7006DEEC4 /* CLScoreServerRequest.m */,
				B7170408158E48A7006DEEC4 /* cocoslive.h */,
				B7170409158E48A7006DEEC4 /* cocoslive.m */,
			);
			name = cocoslive;
			sourceTree = "<group>";
		};
		B717040C158E48A7006DEEC4 /* TouchJSON */ = {
			isa = PBXGroup;
			children = (
				B717040D158E48A7006DEEC4 /* CDataScanner.h */,
				B717040E158E48A7006DEEC4 /* CDataScanner.m */,
				B7170410158E48A7006DEEC4 /* Extensions */,
				B7170417158E48A7006DEEC4 /* JSON */,
			);
			name = TouchJSON;
			sourceTree = "<group>";
		};
		B7170410158E48A7006DEEC4 /* Extensions */ = {
			isa = PBXGroup;
			children = (
				B7170411158E48A7006DEEC4 /* CDataScanner_Extensions.h */,
				B7170412158E48A7006DEEC4 /* CDataScanner_Extensions.m */,
				B7170414158E48A7006DEEC4 /* NSDictionary_JSONExtensions.h */,
				B7170415158E48A7006DEEC4 /* NSDictionary_JSONExtensions.m */,
			);
			name = Extensions;
			sourceTree = "<group>";
		};
		B7170417158E48A7006DEEC4 /* JSON */ = {
			isa = PBXGroup;
			children = (
				B7170418158E48A7006DEEC4 /* CJSONDeserializer.h */,
				B7170419158E48A7006DEEC4 /* CJSONDeserializer.m */,
				B717041B158E48A7006DEEC4 /* CJSONScanner.h */,
				B717041C158E48A7006DEEC4 /* CJSONScanner.m */,
				B717041E158E48A7006DEEC4 /* CJSONSerializer.h */,
				B717041F158E48A7006DEEC4 /* CJSONSerializer.m */,
				B7170421158E48A7006DEEC4 /* JSONRepresentation.h */,
			);
			name = JSON;
			sourceTree = "<group>";
		};
		B7170422158E48A7006DEEC4 /* FontLabel */ = {
			isa = PBXGroup;
			children = (
				B7170423158E48A7006DEEC4 /* FontLabel.h */,
				B7170424158E48A7006DEEC4 /* FontLabel.m */,
				B7170426158E48A7006DEEC4 /* FontLabelStringDrawing.h */,
				B7170427158E48A7006DEEC4 /* FontLabelStringDrawing.m */,
				B7170429158E48A7006DEEC4 /* FontManager.h */,
				B717042A158E48A7006DEEC4 /* FontManager.m */,
				B717042C158E48A7006DEEC4 /* ZAttributedString.h */,
				B717042D158E48A7006DEEC4 /* ZAttributedString.m */,
				B717042F158E48A7006DEEC4 /* ZAttributedStringPrivate.h */,
				B7170430158E48A7006DEEC4 /* ZFont.h */,
				B7170431158E48A7006DEEC4 /* ZFont.m */,
			);
			name = FontLabel;
			sourceTree = "<group>";
		};
		B7170434158E48A7006DEEC4 /* Supporting Files */ = {
			isa = PBXGroup;
			children = (
				B7170435158E48A7006DEEC4 /* Prefix.pch */,
				B7170436158E48A7006DEEC4 /* main.m */,
			);
			name = "Supporting Files";
			sourceTree = "<group>";
		};
/* End PBXGroup section */

/* Begin PBXNativeTarget section */
		B71702D1158E48A4006DEEC4 /* learnParallax */ = {
			isa = PBXNativeTarget;
			buildConfigurationList = B7170444158E48A8006DEEC4 /* Build configuration list for PBXNativeTarget "learnParallax" */;
			buildPhases = (
				B71702CE158E48A4006DEEC4 /* Sources */,
				B71702CF158E48A4006DEEC4 /* Frameworks */,
				B71702D0158E48A4006DEEC4 /* Resources */,
			);
			buildRules = (
			);
			dependencies = (
			);
			name = learnParallax;
			productName = learnParallax;
			productReference = B71702D2158E48A4006DEEC4 /* learnParallax.app */;
			productType = "com.apple.product-type.application";
		};
/* End PBXNativeTarget section */

/* Begin PBXProject section */
		B71702C9158E48A3006DEEC4 /* Project object */ = {
			isa = PBXProject;
			attributes = {
				LastUpgradeCheck = 0430;
			};
			buildConfigurationList = B71702CC158E48A3006DEEC4 /* Build configuration list for PBXProject "learnParallax" */;
			compatibilityVersion = "Xcode 3.2";
			developmentRegion = English;
			hasScannedForEncodings = 0;
			knownRegions = (
				en,
			);
			mainGroup = B71702C7158E48A2006DEEC4;
			productRefGroup = B71702D3158E48A4006DEEC4 /* Products */;
			projectDirPath = "";
			projectRoot = "";
			targets = (
				B71702D1158E48A4006DEEC4 /* learnParallax */,
			);
		};
/* End PBXProject section */

/* Begin PBXResourcesBuildPhase section */
		B71702D0158E48A4006DEEC4 /* Resources */ = {
			isa = PBXResourcesBuildPhase;
			buildActionMask = 2147483647;
			files = (
				B71702E9158E48A4006DEEC4 /* Default.png in Resources */,
				B71702EB158E48A4006DEEC4 /* fps_images.png in Resources */,
				B71702ED158E48A4006DEEC4 /* Icon-72.png in Resources */,
				B71702EF158E48A4006DEEC4 /* Icon-Small-50.png in Resources */,
				B71702F1158E48A4006DEEC4 /* Icon-Small.png in Resources */,
				B71702F3158E48A4006DEEC4 /* Icon-Small@2x.png in Resources */,
				B71702F5158E48A4006DEEC4 /* Icon.png in Resources */,
				B71702F7158E48A4006DEEC4 /* Icon@2x.png in Resources */,
				B71702FA158E48A4006DEEC4 /* iTunesArtwork in Resources */,
				B7666C8A158E735000AED88B /* liv_0.png in Resources */,
				B7666C8B158E735000AED88B /* liv_1.png in Resources */,
				B7666C8C158E735000AED88B /* liv_2.png in Resources */,
				B7666C8D158E735000AED88B /* liv_3.png in Resources */,
				B7666C8E158E735000AED88B /* liv_0-hd.png in Resources */,
				B7666C8F158E735000AED88B /* liv_1-hd.png in Resources */,
				B7666C90158E735000AED88B /* liv_2-hd.png in Resources */,
				B7666C91158E735000AED88B /* liv_3-hd.png in Resources */,
			);
			runOnlyForDeploymentPostprocessing = 0;
		};
/* End PBXResourcesBuildPhase section */

/* Begin PBXSourcesBuildPhase section */
		B71702CE158E48A4006DEEC4 /* Sources */ = {
			isa = PBXSourcesBuildPhase;
			buildActionMask = 2147483647;
			files = (
				B71702FF158E48A4006DEEC4 /* CCAction.m in Sources */,
				B7170302158E48A4006DEEC4 /* CCActionCamera.m in Sources */,
				B7170305158E48A4006DEEC4 /* CCActionEase.m in Sources */,
				B7170308158E48A4006DEEC4 /* CCActionGrid.m in Sources */,
				B717030B158E48A4006DEEC4 /* CCActionGrid3D.m in Sources */,
				B717030E158E48A4006DEEC4 /* CCActionInstant.m in Sources */,
				B7170311158E48A4006DEEC4 /* CCActionInterval.m in Sources */,
				B7170314158E48A4006DEEC4 /* CCActionManager.m in Sources */,
				B7170317158E48A4006DEEC4 /* CCActionPageTurn3D.m in Sources */,
				B717031A158E48A4006DEEC4 /* CCActionProgressTimer.m in Sources */,
				B717031D158E48A4006DEEC4 /* CCActionTiledGrid.m in Sources */,
				B7170320158E48A4006DEEC4 /* CCActionTween.m in Sources */,
				B7170323158E48A4006DEEC4 /* CCAnimation.m in Sources */,
				B7170326158E48A4006DEEC4 /* CCAnimationCache.m in Sources */,
				B7170329158E48A4006DEEC4 /* CCAtlasNode.m in Sources */,
				B717032C158E48A4006DEEC4 /* CCBlockSupport.m in Sources */,
				B717032F158E48A4006DEEC4 /* CCCamera.m in Sources */,
				B7170333158E48A4006DEEC4 /* CCConfiguration.m in Sources */,
				B7170336158E48A5006DEEC4 /* CCDirector.m in Sources */,
				B7170339158E48A5006DEEC4 /* CCDrawingPrimitives.m in Sources */,
				B717033C158E48A5006DEEC4 /* CCGrabber.m in Sources */,
				B717033F158E48A5006DEEC4 /* CCGrid.m in Sources */,
				B7170342158E48A5006DEEC4 /* CCLabelAtlas.m in Sources */,
				B7170345158E48A5006DEEC4 /* CCLabelBMFont.m in Sources */,
				B7170348158E48A5006DEEC4 /* CCLabelTTF.m in Sources */,
				B717034B158E48A5006DEEC4 /* CCLayer.m in Sources */,
				B717034F158E48A5006DEEC4 /* CCMenu.m in Sources */,
				B7170352158E48A5006DEEC4 /* CCMenuItem.m in Sources */,
				B7170355158E48A5006DEEC4 /* CCMotionStreak.m in Sources */,
				B7170358158E48A5006DEEC4 /* CCNode.m in Sources */,
				B717035B158E48A5006DEEC4 /* CCParallaxNode.m in Sources */,
				B717035E158E48A5006DEEC4 /* CCParticleExamples.m in Sources */,
				B7170361158E48A5006DEEC4 /* CCParticleSystem.m in Sources */,
				B7170364158E48A5006DEEC4 /* CCParticleSystemPoint.m in Sources */,
				B7170367158E48A5006DEEC4 /* CCParticleSystemQuad.m in Sources */,
				B717036A158E48A5006DEEC4 /* CCProgressTimer.m in Sources */,
				B717036E158E48A6006DEEC4 /* CCRenderTexture.m in Sources */,
				B7170371158E48A6006DEEC4 /* CCRibbon.m in Sources */,
				B7170374158E48A6006DEEC4 /* CCScene.m in Sources */,
				B7170377158E48A6006DEEC4 /* CCScheduler.m in Sources */,
				B717037A158E48A6006DEEC4 /* CCSprite.m in Sources */,
				B717037D158E48A6006DEEC4 /* CCSpriteBatchNode.m in Sources */,
				B7170380158E48A6006DEEC4 /* CCSpriteFrame.m in Sources */,
				B7170383158E48A6006DEEC4 /* CCSpriteFrameCache.m in Sources */,
				B7170386158E48A6006DEEC4 /* CCTexture2D.m in Sources */,
				B7170389158E48A6006DEEC4 /* CCTextureAtlas.m in Sources */,
				B717038C158E48A6006DEEC4 /* CCTextureCache.m in Sources */,
				B717038F158E48A6006DEEC4 /* CCTexturePVR.m in Sources */,
				B7170392158E48A6006DEEC4 /* CCTileMapAtlas.m in Sources */,
				B7170395158E48A6006DEEC4 /* CCTMXLayer.m in Sources */,
				B7170398158E48A6006DEEC4 /* CCTMXObjectGroup.m in Sources */,
				B717039B158E48A6006DEEC4 /* CCTMXTiledMap.m in Sources */,
				B717039E158E48A6006DEEC4 /* CCTMXXMLParser.m in Sources */,
				B71703A1158E48A6006DEEC4 /* CCTransition.m in Sources */,
				B71703A4158E48A6006DEEC4 /* CCTransitionPageTurn.m in Sources */,
				B71703A7158E48A6006DEEC4 /* CCTransitionRadial.m in Sources */,
				B71703AB158E48A6006DEEC4 /* cocos2d.m in Sources */,
				B71703B2158E48A6006DEEC4 /* CCDirectorIOS.m in Sources */,
				B71703B6158E48A6006DEEC4 /* CCTouchDispatcher.m in Sources */,
				B71703B9158E48A6006DEEC4 /* CCTouchHandler.m in Sources */,
				B71703BC158E48A6006DEEC4 /* EAGLView.m in Sources */,
				B71703BF158E48A6006DEEC4 /* ES1Renderer.m in Sources */,
				B71703C2158E48A6006DEEC4 /* glu.c in Sources */,
				B71703C7158E48A7006DEEC4 /* CCDirectorMac.m in Sources */,
				B71703CA158E48A7006DEEC4 /* CCEventDispatcher.m in Sources */,
				B71703CD158E48A7006DEEC4 /* MacGLView.m in Sources */,
				B71703D0158E48A7006DEEC4 /* MacWindow.m in Sources */,
				B71703D3158E48A7006DEEC4 /* base64.c in Sources */,
				B71703D7158E48A7006DEEC4 /* CCArray.m in Sources */,
				B71703DB158E48A7006DEEC4 /* CCFileUtils.m in Sources */,
				B71703DE158E48A7006DEEC4 /* CCProfiling.m in Sources */,
				B71703E0158E48A7006DEEC4 /* ccUtils.c in Sources */,
				B71703E4158E48A7006DEEC4 /* CGPointExtension.m in Sources */,
				B71703E8158E48A7006DEEC4 /* TGAlib.m in Sources */,
				B71703EB158E48A7006DEEC4 /* TransformUtils.m in Sources */,
				B71703F0158E48A7006DEEC4 /* ZipUtils.m in Sources */,
				B71703F5158E48A7006DEEC4 /* CDAudioManager.m in Sources */,
				B71703F9158E48A7006DEEC4 /* CDOpenALSupport.m in Sources */,
				B71703FC158E48A7006DEEC4 /* CocosDenshion.m in Sources */,
				B71703FF158E48A7006DEEC4 /* SimpleAudioEngine.m in Sources */,
				B7170404158E48A7006DEEC4 /* CLScoreServerPost.m in Sources */,
				B7170407158E48A7006DEEC4 /* CLScoreServerRequest.m in Sources */,
				B717040A158E48A7006DEEC4 /* cocoslive.m in Sources */,
				B717040F158E48A7006DEEC4 /* CDataScanner.m in Sources */,
				B7170413158E48A7006DEEC4 /* CDataScanner_Extensions.m in Sources */,
				B7170416158E48A7006DEEC4 /* NSDictionary_JSONExtensions.m in Sources */,
				B717041A158E48A7006DEEC4 /* CJSONDeserializer.m in Sources */,
				B717041D158E48A7006DEEC4 /* CJSONScanner.m in Sources */,
				B7170420158E48A7006DEEC4 /* CJSONSerializer.m in Sources */,
				B7170425158E48A7006DEEC4 /* FontLabel.m in Sources */,
				B7170428158E48A7006DEEC4 /* FontLabelStringDrawing.m in Sources */,
				B717042B158E48A7006DEEC4 /* FontManager.m in Sources */,
				B717042E158E48A7006DEEC4 /* ZAttributedString.m in Sources */,
				B7170432158E48A7006DEEC4 /* ZFont.m in Sources */,
				B7170437158E48A7006DEEC4 /* main.m in Sources */,
				B717043A158E48A8006DEEC4 /* AppDelegate.m in Sources */,
				B717043D158E48A8006DEEC4 /* RootViewController.m in Sources */,
				B7170440158E48A8006DEEC4 /* HelloWorldLayer.m in Sources */,
			);
			runOnlyForDeploymentPostprocessing = 0;
		};
/* End PBXSourcesBuildPhase section */

/* Begin XCBuildConfiguration section */
		B7170442158E48A8006DEEC4 /* Debug */ = {
			isa = XCBuildConfiguration;
			buildSettings = {
				ARCHS = "$(ARCHS_STANDARD_32_BIT)";
				"CODE_SIGN_IDENTITY[sdk=iphoneos*]" = "iPhone Developer";
				GCC_C_LANGUAGE_STANDARD = gnu99;
				GCC_OPTIMIZATION_LEVEL = 0;
				GCC_PREPROCESSOR_DEFINITIONS = (
					DEBUG,
					"COCOS2D_DEBUG=1",
				);
				GCC_SYMBOLS_PRIVATE_EXTERN = NO;
				GCC_VERSION = com.apple.compilers.llvmgcc42;
				GCC_WARN_ABOUT_RETURN_TYPE = YES;
				GCC_WARN_UNUSED_VARIABLE = YES;
				IPHONEOS_DEPLOYMENT_TARGET = 5.1;
				SDKROOT = iphoneos;
			};
			name = Debug;
		};
		B7170443158E48A8006DEEC4 /* Release */ = {
			isa = XCBuildConfiguration;
			buildSettings = {
				ARCHS = "$(ARCHS_STANDARD_32_BIT)";
				"CODE_SIGN_IDENTITY[sdk=iphoneos*]" = "iPhone Developer";
				GCC_C_LANGUAGE_STANDARD = gnu99;
				GCC_PREPROCESSOR_DEFINITIONS = NDEBUG;
				GCC_VERSION = com.apple.compilers.llvmgcc42;
				GCC_WARN_ABOUT_RETURN_TYPE = YES;
				GCC_WARN_UNUSED_VARIABLE = YES;
				IPHONEOS_DEPLOYMENT_TARGET = 5.1;
				OTHER_CFLAGS = "-DNS_BLOCK_ASSERTIONS=1";
				SDKROOT = iphoneos;
			};
			name = Release;
		};
		B7170445158E48A8006DEEC4 /* Debug */ = {
			isa = XCBuildConfiguration;
			buildSettings = {
				ALWAYS_SEARCH_USER_PATHS = NO;
				COPY_PHASE_STRIP = NO;
				GCC_DYNAMIC_NO_PIC = NO;
				GCC_PRECOMPILE_PREFIX_HEADER = YES;
				GCC_PREFIX_HEADER = learnParallax/Prefix.pch;
				"GCC_THUMB_SUPPORT[arch=armv6]" = "";
				INFOPLIST_FILE = learnParallax/Resources/Info.plist;
				OTHER_LDFLAGS = "-lz";
				PRODUCT_NAME = "$(TARGET_NAME)";
				WRAPPER_EXTENSION = app;
			};
			name = Debug;
		};
		B7170446158E48A8006DEEC4 /* Release */ = {
			isa = XCBuildConfiguration;
			buildSettings = {
				ALWAYS_SEARCH_USER_PATHS = NO;
				COPY_PHASE_STRIP = YES;
				GCC_PRECOMPILE_PREFIX_HEADER = YES;
				GCC_PREFIX_HEADER = learnParallax/Prefix.pch;
				"GCC_THUMB_SUPPORT[arch=armv6]" = "";
				INFOPLIST_FILE = learnParallax/Resources/Info.plist;
				OTHER_LDFLAGS = "-lz";
				PRODUCT_NAME = "$(TARGET_NAME)";
				VALIDATE_PRODUCT = YES;
				WRAPPER_EXTENSION = app;
			};
			name = Release;
		};
/* End XCBuildConfiguration section */

/* Begin XCConfigurationList section */
		B71702CC158E48A3006DEEC4 /* Build configuration list for PBXProject "learnParallax" */ = {
			isa = XCConfigurationList;
			buildConfigurations = (
				B7170442158E48A8006DEEC4 /* Debug */,
				B7170443158E48A8006DEEC4 /* Release */,
			);
			defaultConfigurationIsVisible = 0;
			defaultConfigurationName = Release;
		};
		B7170444158E48A8006DEEC4 /* Build configuration list for PBXNativeTarget "learnParallax" */ = {
			isa = XCConfigurationList;
			buildConfigurations = (
				B7170445158E48A8006DEEC4 /* Debug */,
				B7170446158E48A8006DEEC4 /* Release */,
			);
			defaultConfigurationIsVisible = 0;
			defaultConfigurationName = Release;
		};
/* End XCConfigurationList section */
	};
	rootObject = B71702C9158E48A3006DEEC4 /* Project object */;
}
